{
  "nodes": {
    "HTTP": {
      "flake": false,
      "locked": {
        "lastModified": 1451647621,
        "narHash": "sha256-oHIyw3x0iKBexEo49YeUDV1k74ZtyYKGR2gNJXXRxts=",
        "owner": "phadej",
        "repo": "HTTP",
        "rev": "9bc0996d412fef1787449d841277ef663ad9a915",
        "type": "github"
      },
      "original": {
        "owner": "phadej",
        "repo": "HTTP",
        "type": "github"
      }
    },
    "bluos-controller-packed": {
      "flake": false,
      "locked": {
        "narHash": "sha256-OvqQr4lTiQoj99g7RDBq85kwq588Bg16KG8yqnysTj8=",
        "type": "tarball",
        "url": "https://content-bluesound-com.s3.amazonaws.com/uploads/2023/10/BluOS-Controller-4.0.1-Windows.zip"
      },
      "original": {
        "type": "tarball",
        "url": "https://content-bluesound-com.s3.amazonaws.com/uploads/2023/10/BluOS-Controller-4.0.1-Windows.zip"
      }
    },
    "bluos-nix": {
      "inputs": {
        "bluos-controller-packed": "bluos-controller-packed",
        "flake-parts": "flake-parts",
        "nix-project": "nix-project"
      },
      "locked": {
        "lastModified": 1698513092,
        "narHash": "sha256-rliv0853L+L0uvMvNVv4V63c88cIPsovBXiQegxQTJw=",
        "owner": "shajra",
        "repo": "bluos-nix",
        "rev": "d3c308664499b168aaf255137d1522b6c2af18bf",
        "type": "github"
      },
      "original": {
        "owner": "shajra",
        "repo": "bluos-nix",
        "type": "github"
      }
    },
    "cabal-32": {
      "flake": false,
      "locked": {
        "lastModified": 1603716527,
        "narHash": "sha256-X0TFfdD4KZpwl0Zr6x+PLxUt/VyKQfX7ylXHdmZIL+w=",
        "owner": "haskell",
        "repo": "cabal",
        "rev": "48bf10787e27364730dd37a42b603cee8d6af7ee",
        "type": "github"
      },
      "original": {
        "owner": "haskell",
        "ref": "3.2",
        "repo": "cabal",
        "type": "github"
      }
    },
    "cabal-34": {
      "flake": false,
      "locked": {
        "lastModified": 1645834128,
        "narHash": "sha256-wG3d+dOt14z8+ydz4SL7pwGfe7SiimxcD/LOuPCV6xM=",
        "owner": "haskell",
        "repo": "cabal",
        "rev": "5ff598c67f53f7c4f48e31d722ba37172230c462",
        "type": "github"
      },
      "original": {
        "owner": "haskell",
        "ref": "3.4",
        "repo": "cabal",
        "type": "github"
      }
    },
    "cabal-36": {
      "flake": false,
      "locked": {
        "lastModified": 1669081697,
        "narHash": "sha256-I5or+V7LZvMxfbYgZATU4awzkicBwwok4mVoje+sGmU=",
        "owner": "haskell",
        "repo": "cabal",
        "rev": "8fd619e33d34924a94e691c5fea2c42f0fc7f144",
        "type": "github"
      },
      "original": {
        "owner": "haskell",
        "ref": "3.6",
        "repo": "cabal",
        "type": "github"
      }
    },
    "cardano-shell": {
      "flake": false,
      "locked": {
        "lastModified": 1608537748,
        "narHash": "sha256-PulY1GfiMgKVnBci3ex4ptk2UNYMXqGjJOxcPy2KYT4=",
        "owner": "input-output-hk",
        "repo": "cardano-shell",
        "rev": "9392c75087cb9a3d453998f4230930dea3a95725",
        "type": "github"
      },
      "original": {
        "owner": "input-output-hk",
        "repo": "cardano-shell",
        "type": "github"
      }
    },
    "colored_man_pages-fish": {
      "flake": false,
      "locked": {
        "lastModified": 1651274650,
        "narHash": "sha256-ii9gdBPlC1/P1N9xJzqomrkyDqIdTg+iCg0mwNVq2EU=",
        "owner": "PatrickF1",
        "repo": "colored_man_pages.fish",
        "rev": "f885c2507128b70d6c41b043070a8f399988bc7a",
        "type": "github"
      },
      "original": {
        "owner": "PatrickF1",
        "repo": "colored_man_pages.fish",
        "type": "github"
      }
    },
    "delta": {
      "flake": false,
      "locked": {
        "lastModified": 1691962118,
        "narHash": "sha256-HvmslKkzc97+SVS/n6aAZsKyczGw9PLnO7JnVWzUCiU=",
        "owner": "dandavison",
        "repo": "delta",
        "rev": "7375f7a165dabe430e12d531fedd84bb3a027c6b",
        "type": "github"
      },
      "original": {
        "owner": "dandavison",
        "repo": "delta",
        "type": "github"
      }
    },
    "dircolors-solarized": {
      "flake": false,
      "locked": {
        "lastModified": 1697456622,
        "narHash": "sha256-bPQhkABkNkIvolvcKVgrI+fnS/Zww2NpXk1fEgibQTo=",
        "owner": "seebi",
        "repo": "dircolors-solarized",
        "rev": "664dd4e91ff9600a8e8640ef59bc45dd7c86f18f",
        "type": "github"
      },
      "original": {
        "owner": "seebi",
        "repo": "dircolors-solarized",
        "type": "github"
      }
    },
    "direnv-nix-lorelei": {
      "flake": false,
      "locked": {
        "lastModified": 1632290273,
        "narHash": "sha256-KhLyeRqIQsa4axO6+RSMxIi8iibWefgnLcaWC+dL7Gc=",
        "owner": "shajra",
        "repo": "direnv-nix-lorelei",
        "rev": "7342d5b95e84e4d9b885d4afa82b061c7278297c",
        "type": "github"
      },
      "original": {
        "owner": "shajra",
        "repo": "direnv-nix-lorelei",
        "type": "github"
      }
    },
    "emacs-overlay": {
      "inputs": {
        "flake-utils": "flake-utils",
        "nixpkgs": "nixpkgs",
        "nixpkgs-stable": "nixpkgs-stable"
      },
      "locked": {
        "lastModified": 1698488700,
        "narHash": "sha256-I4K8SoXduZraQfaaPokxtk7YC6nmjslzc4X/xTWTmZ8=",
        "owner": "nix-community",
        "repo": "emacs-overlay",
        "rev": "e70494fcb4466020552ee39b1d39f7910dee27f0",
        "type": "github"
      },
      "original": {
        "owner": "nix-community",
        "repo": "emacs-overlay",
        "type": "github"
      }
    },
    "flake-compat": {
      "flake": false,
      "locked": {
        "lastModified": 1696426674,
        "narHash": "sha256-kvjfFW7WAETZlt09AgDn1MrtKzP7t90Vf7vypd3OL1U=",
        "owner": "edolstra",
        "repo": "flake-compat",
        "rev": "0f9255e01c2351cc7d116c072cb317785dd33b33",
        "type": "github"
      },
      "original": {
        "owner": "edolstra",
        "repo": "flake-compat",
        "type": "github"
      }
    },
    "flake-compat_2": {
      "flake": false,
      "locked": {
        "lastModified": 1696426674,
        "narHash": "sha256-kvjfFW7WAETZlt09AgDn1MrtKzP7t90Vf7vypd3OL1U=",
        "owner": "edolstra",
        "repo": "flake-compat",
        "rev": "0f9255e01c2351cc7d116c072cb317785dd33b33",
        "type": "github"
      },
      "original": {
        "owner": "edolstra",
        "repo": "flake-compat",
        "type": "github"
      }
    },
    "flake-compat_3": {
      "flake": false,
      "locked": {
        "lastModified": 1672831974,
        "narHash": "sha256-z9k3MfslLjWQfnjBtEtJZdq3H7kyi2kQtUThfTgdRk0=",
        "owner": "input-output-hk",
        "repo": "flake-compat",
        "rev": "45f2638735f8cdc40fe302742b79f248d23eb368",
        "type": "github"
      },
      "original": {
        "owner": "input-output-hk",
        "ref": "hkm/gitlab-fix",
        "repo": "flake-compat",
        "type": "github"
      }
    },
    "flake-compat_4": {
      "flake": false,
      "locked": {
        "lastModified": 1696426674,
        "narHash": "sha256-kvjfFW7WAETZlt09AgDn1MrtKzP7t90Vf7vypd3OL1U=",
        "owner": "edolstra",
        "repo": "flake-compat",
        "rev": "0f9255e01c2351cc7d116c072cb317785dd33b33",
        "type": "github"
      },
      "original": {
        "owner": "edolstra",
        "repo": "flake-compat",
        "type": "github"
      }
    },
    "flake-parts": {
      "inputs": {
        "nixpkgs-lib": "nixpkgs-lib"
      },
      "locked": {
        "lastModified": 1696343447,
        "narHash": "sha256-B2xAZKLkkeRFG5XcHHSXXcP7To9Xzr59KXeZiRf4vdQ=",
        "owner": "hercules-ci",
        "repo": "flake-parts",
        "rev": "c9afaba3dfa4085dbd2ccb38dfade5141e33d9d4",
        "type": "github"
      },
      "original": {
        "owner": "hercules-ci",
        "repo": "flake-parts",
        "type": "github"
      }
    },
    "flake-parts_2": {
      "inputs": {
        "nixpkgs-lib": "nixpkgs-lib_2"
      },
      "locked": {
        "lastModified": 1696343447,
        "narHash": "sha256-B2xAZKLkkeRFG5XcHHSXXcP7To9Xzr59KXeZiRf4vdQ=",
        "owner": "hercules-ci",
        "repo": "flake-parts",
        "rev": "c9afaba3dfa4085dbd2ccb38dfade5141e33d9d4",
        "type": "github"
      },
      "original": {
        "owner": "hercules-ci",
        "repo": "flake-parts",
        "type": "github"
      }
    },
    "flake-parts_3": {
      "inputs": {
        "nixpkgs-lib": "nixpkgs-lib_3"
      },
      "locked": {
        "lastModified": 1696343447,
        "narHash": "sha256-B2xAZKLkkeRFG5XcHHSXXcP7To9Xzr59KXeZiRf4vdQ=",
        "owner": "hercules-ci",
        "repo": "flake-parts",
        "rev": "c9afaba3dfa4085dbd2ccb38dfade5141e33d9d4",
        "type": "github"
      },
      "original": {
        "owner": "hercules-ci",
        "repo": "flake-parts",
        "type": "github"
      }
    },
    "flake-parts_4": {
      "inputs": {
        "nixpkgs-lib": "nixpkgs-lib_4"
      },
      "locked": {
        "lastModified": 1696343447,
        "narHash": "sha256-B2xAZKLkkeRFG5XcHHSXXcP7To9Xzr59KXeZiRf4vdQ=",
        "owner": "hercules-ci",
        "repo": "flake-parts",
        "rev": "c9afaba3dfa4085dbd2ccb38dfade5141e33d9d4",
        "type": "github"
      },
      "original": {
        "owner": "hercules-ci",
        "repo": "flake-parts",
        "type": "github"
      }
    },
    "flake-utils": {
      "inputs": {
        "systems": "systems"
      },
      "locked": {
        "lastModified": 1694529238,
        "narHash": "sha256-zsNZZGTGnMOf9YpHKJqMSsa0dXbfmxeoJ7xHlrt+xmY=",
        "owner": "numtide",
        "repo": "flake-utils",
        "rev": "ff7b65b44d01cf9ba6a71320833626af21126384",
        "type": "github"
      },
      "original": {
        "owner": "numtide",
        "repo": "flake-utils",
        "type": "github"
      }
    },
    "fzf-fish": {
      "flake": false,
      "locked": {
        "lastModified": 1694925142,
        "narHash": "sha256-nTiFD8vWjafYE4HNemyoUr+4SgsqN3lIJlNX6IGk+aQ=",
        "owner": "PatrickF1",
        "repo": "fzf.fish",
        "rev": "8d99f0caa30a626369541f80848ffdbf28e96acc",
        "type": "github"
      },
      "original": {
        "owner": "PatrickF1",
        "repo": "fzf.fish",
        "type": "github"
      }
    },
    "ghc-8.6.5-iohk": {
      "flake": false,
      "locked": {
        "lastModified": 1600920045,
        "narHash": "sha256-DO6kxJz248djebZLpSzTGD6s8WRpNI9BTwUeOf5RwY8=",
        "owner": "input-output-hk",
        "repo": "ghc",
        "rev": "95713a6ecce4551240da7c96b6176f980af75cae",
        "type": "github"
      },
      "original": {
        "owner": "input-output-hk",
        "ref": "release/8.6.5-iohk",
        "repo": "ghc",
        "type": "github"
      }
    },
    "ghc98X": {
      "flake": false,
      "locked": {
        "lastModified": 1696643148,
        "narHash": "sha256-E02DfgISH7EvvNAu0BHiPvl1E5FGMDi0pWdNZtIBC9I=",
        "ref": "ghc-9.8",
        "rev": "443e870d977b1ab6fc05f47a9a17bc49296adbd6",
        "revCount": 61642,
        "submodules": true,
        "type": "git",
        "url": "https://gitlab.haskell.org/ghc/ghc"
      },
      "original": {
        "ref": "ghc-9.8",
        "submodules": true,
        "type": "git",
        "url": "https://gitlab.haskell.org/ghc/ghc"
      }
    },
    "ghc99": {
      "flake": false,
      "locked": {
        "lastModified": 1697054644,
        "narHash": "sha256-kKarOuXUaAH3QWv7ASx+gGFMHaHKe0pK5Zu37ky2AL4=",
        "ref": "refs/heads/master",
        "rev": "f383a242c76f90bcca8a4d7ee001dcb49c172a9a",
        "revCount": 62040,
        "submodules": true,
        "type": "git",
        "url": "https://gitlab.haskell.org/ghc/ghc"
      },
      "original": {
        "submodules": true,
        "type": "git",
        "url": "https://gitlab.haskell.org/ghc/ghc"
      }
    },
    "hackage": {
      "flake": false,
      "locked": {
        "lastModified": 1698452518,
        "narHash": "sha256-egyKXcZi6gynkC81yj6+3H8YzRUTSx/z6Tcox9BXkWU=",
        "owner": "input-output-hk",
        "repo": "hackage.nix",
        "rev": "156f8777093356764a8c09e6a8297b2926f84f6f",
        "type": "github"
      },
      "original": {
        "owner": "input-output-hk",
        "repo": "hackage.nix",
        "type": "github"
      }
    },
    "haskell-hls-nix": {
      "flake": false,
      "locked": {
        "lastModified": 1632290313,
        "narHash": "sha256-U+XuwtM3xXI7WPthnR+j14Iw2+g9IGfxcGdFnVLYkeM=",
        "owner": "shajra",
        "repo": "haskell-hls-nix",
        "rev": "0056e1096adae22fac8a5dfb272567f216f1d231",
        "type": "github"
      },
      "original": {
        "owner": "shajra",
        "repo": "haskell-hls-nix",
        "type": "github"
      }
    },
    "haskell-nix": {
      "inputs": {
        "HTTP": "HTTP",
        "cabal-32": "cabal-32",
        "cabal-34": "cabal-34",
        "cabal-36": "cabal-36",
        "cardano-shell": "cardano-shell",
        "flake-compat": "flake-compat_3",
        "ghc-8.6.5-iohk": "ghc-8.6.5-iohk",
        "ghc98X": "ghc98X",
        "ghc99": "ghc99",
        "hackage": "hackage",
        "hls-1.10": "hls-1.10",
        "hls-2.0": "hls-2.0",
        "hls-2.2": "hls-2.2",
        "hls-2.3": "hls-2.3",
        "hls-2.4": "hls-2.4",
        "hpc-coveralls": "hpc-coveralls",
        "hydra": "hydra",
        "iserv-proxy": "iserv-proxy",
        "nixpkgs": [
          "haskell-nix",
          "nixpkgs-unstable"
        ],
        "nixpkgs-2003": "nixpkgs-2003",
        "nixpkgs-2105": "nixpkgs-2105",
        "nixpkgs-2111": "nixpkgs-2111",
        "nixpkgs-2205": "nixpkgs-2205",
        "nixpkgs-2211": "nixpkgs-2211",
        "nixpkgs-2305": "nixpkgs-2305",
        "nixpkgs-unstable": "nixpkgs-unstable_2",
        "old-ghc-nix": "old-ghc-nix",
        "stackage": "stackage"
      },
      "locked": {
        "lastModified": 1698454227,
        "narHash": "sha256-tXcQ3sIiF3tzabmISEws2nKfLtaAmjdItM0zHeLHId8=",
        "owner": "input-output-hk",
        "repo": "haskell.nix",
        "rev": "653db3928bc9b2241381bf9ace618cd8a0e1632e",
        "type": "github"
      },
      "original": {
        "owner": "input-output-hk",
        "repo": "haskell.nix",
        "type": "github"
      }
    },
    "haskell-tags-nix": {
      "flake": false,
      "locked": {
        "lastModified": 1632290361,
        "narHash": "sha256-CGKo3PRtS1fxIYEwUjHPHeRzLguctmiPh9aPBMhiAJo=",
        "owner": "shajra",
        "repo": "haskell-tags-nix",
        "rev": "7bdf004080979ade616f200fe66fd8e5fa0e4206",
        "type": "github"
      },
      "original": {
        "owner": "shajra",
        "repo": "haskell-tags-nix",
        "type": "github"
      }
    },
    "hls-1.10": {
      "flake": false,
      "locked": {
        "lastModified": 1680000865,
        "narHash": "sha256-rc7iiUAcrHxwRM/s0ErEsSPxOR3u8t7DvFeWlMycWgo=",
        "owner": "haskell",
        "repo": "haskell-language-server",
        "rev": "b08691db779f7a35ff322b71e72a12f6e3376fd9",
        "type": "github"
      },
      "original": {
        "owner": "haskell",
        "ref": "1.10.0.0",
        "repo": "haskell-language-server",
        "type": "github"
      }
    },
    "hls-2.0": {
      "flake": false,
      "locked": {
        "lastModified": 1687698105,
        "narHash": "sha256-OHXlgRzs/kuJH8q7Sxh507H+0Rb8b7VOiPAjcY9sM1k=",
        "owner": "haskell",
        "repo": "haskell-language-server",
        "rev": "783905f211ac63edf982dd1889c671653327e441",
        "type": "github"
      },
      "original": {
        "owner": "haskell",
        "ref": "2.0.0.1",
        "repo": "haskell-language-server",
        "type": "github"
      }
    },
    "hls-2.2": {
      "flake": false,
      "locked": {
        "lastModified": 1693064058,
        "narHash": "sha256-8DGIyz5GjuCFmohY6Fa79hHA/p1iIqubfJUTGQElbNk=",
        "owner": "haskell",
        "repo": "haskell-language-server",
        "rev": "b30f4b6cf5822f3112c35d14a0cba51f3fe23b85",
        "type": "github"
      },
      "original": {
        "owner": "haskell",
        "ref": "2.2.0.0",
        "repo": "haskell-language-server",
        "type": "github"
      }
    },
    "hls-2.3": {
      "flake": false,
      "locked": {
        "lastModified": 1695910642,
        "narHash": "sha256-tR58doOs3DncFehHwCLczJgntyG/zlsSd7DgDgMPOkI=",
        "owner": "haskell",
        "repo": "haskell-language-server",
        "rev": "458ccdb55c9ea22cd5d13ec3051aaefb295321be",
        "type": "github"
      },
      "original": {
        "owner": "haskell",
        "ref": "2.3.0.0",
        "repo": "haskell-language-server",
        "type": "github"
      }
    },
    "hls-2.4": {
      "flake": false,
      "locked": {
        "lastModified": 1696939266,
        "narHash": "sha256-VOMf5+kyOeOmfXTHlv4LNFJuDGa7G3pDnOxtzYR40IU=",
        "owner": "haskell",
        "repo": "haskell-language-server",
        "rev": "362fdd1293efb4b82410b676ab1273479f6d17ee",
        "type": "github"
      },
      "original": {
        "owner": "haskell",
        "ref": "2.4.0.0",
        "repo": "haskell-language-server",
        "type": "github"
      }
    },
    "home-manager": {
      "inputs": {
        "nixpkgs": "nixpkgs_3"
      },
      "locked": {
        "lastModified": 1698514558,
        "narHash": "sha256-lmLWtb21yvGWX5PMtjyFOMqjr873noudXjmRL074pqg=",
        "owner": "shajra",
        "repo": "home-manager",
        "rev": "01da3f7d1a0a7ba8c1540ad267cbf585ff66c3a1",
        "type": "github"
      },
      "original": {
        "owner": "shajra",
        "ref": "feature/lieer-address-override",
        "repo": "home-manager",
        "type": "github"
      }
    },
    "hpc-coveralls": {
      "flake": false,
      "locked": {
        "lastModified": 1607498076,
        "narHash": "sha256-8uqsEtivphgZWYeUo5RDUhp6bO9j2vaaProQxHBltQk=",
        "owner": "sevanspowell",
        "repo": "hpc-coveralls",
        "rev": "14df0f7d229f4cd2e79f8eabb1a740097fdfa430",
        "type": "github"
      },
      "original": {
        "owner": "sevanspowell",
        "repo": "hpc-coveralls",
        "type": "github"
      }
    },
    "hydra": {
      "inputs": {
        "nix": "nix",
        "nixpkgs": [
          "haskell-nix",
          "hydra",
          "nix",
          "nixpkgs"
        ]
      },
      "locked": {
        "lastModified": 1671755331,
        "narHash": "sha256-hXsgJj0Cy0ZiCiYdW2OdBz5WmFyOMKuw4zyxKpgUKm4=",
        "owner": "NixOS",
        "repo": "hydra",
        "rev": "f48f00ee6d5727ae3e488cbf9ce157460853fea8",
        "type": "github"
      },
      "original": {
        "id": "hydra",
        "type": "indirect"
      }
    },
    "iserv-proxy": {
      "flake": false,
      "locked": {
        "lastModified": 1691634696,
        "narHash": "sha256-MZH2NznKC/gbgBu8NgIibtSUZeJ00HTLJ0PlWKCBHb0=",
        "ref": "hkm/remote-iserv",
        "rev": "43a979272d9addc29fbffc2e8542c5d96e993d73",
        "revCount": 14,
        "type": "git",
        "url": "https://gitlab.haskell.org/hamishmack/iserv-proxy.git"
      },
      "original": {
        "ref": "hkm/remote-iserv",
        "type": "git",
        "url": "https://gitlab.haskell.org/hamishmack/iserv-proxy.git"
      }
    },
    "lieer": {
      "flake": false,
      "locked": {
        "lastModified": 1698132816,
        "narHash": "sha256-GIvsd9y35K8JCjN/urIxoKRzjt7pv0ZGCcTdbxn0aec=",
        "owner": "gauteh",
        "repo": "lieer",
        "rev": "1fdd00ab691c26af2fa5ef69701363b206174962",
        "type": "github"
      },
      "original": {
        "owner": "gauteh",
        "repo": "lieer",
        "type": "github"
      }
    },
    "lowdown-src": {
      "flake": false,
      "locked": {
        "lastModified": 1633514407,
        "narHash": "sha256-Dw32tiMjdK9t3ETl5fzGrutQTzh2rufgZV4A/BbxuD4=",
        "owner": "kristapsdz",
        "repo": "lowdown",
        "rev": "d2c2b44ff6c27b936ec27358a2653caaef8f73b8",
        "type": "github"
      },
      "original": {
        "owner": "kristapsdz",
        "repo": "lowdown",
        "type": "github"
      }
    },
    "moneydance": {
      "flake": false,
      "locked": {
        "narHash": "sha256-PetYJ/SQ4QLmmxjKszt1B4dvquydTUsxqERbABE/4Vk=",
        "type": "tarball",
        "url": "https://infinitekind.com/stabledl/current/moneydance-linux.tar.gz"
      },
      "original": {
        "type": "tarball",
        "url": "https://infinitekind.com/stabledl/current/moneydance-linux.tar.gz"
      }
    },
    "nix": {
      "inputs": {
        "lowdown-src": "lowdown-src",
        "nixpkgs": "nixpkgs_2",
        "nixpkgs-regression": "nixpkgs-regression"
      },
      "locked": {
        "lastModified": 1661606874,
        "narHash": "sha256-9+rpYzI+SmxJn+EbYxjGv68Ucp22bdFUSy/4LkHkkDQ=",
        "owner": "NixOS",
        "repo": "nix",
        "rev": "11e45768b34fdafdcf019ddbd337afa16127ff0f",
        "type": "github"
      },
      "original": {
        "owner": "NixOS",
        "ref": "2.11.0",
        "repo": "nix",
        "type": "github"
      }
    },
    "nix-darwin": {
      "inputs": {
        "nixpkgs": "nixpkgs_4"
      },
      "locked": {
        "lastModified": 1698429334,
        "narHash": "sha256-Gq3+QabboczSu7RMpcy79RSLMSqnySO3wsnHQk4DfbE=",
        "owner": "LnL7",
        "repo": "nix-darwin",
        "rev": "afe83cbc2e673b1f08d32dd0f70df599678ff1e7",
        "type": "github"
      },
      "original": {
        "owner": "LnL7",
        "repo": "nix-darwin",
        "type": "github"
      }
    },
    "nix-project": {
      "inputs": {
        "flake-compat": "flake-compat",
        "flake-parts": "flake-parts_2",
        "nixpkgs-master": "nixpkgs-master",
        "nixpkgs-stable-darwin": "nixpkgs-stable-darwin",
        "nixpkgs-stable-linux": "nixpkgs-stable-linux",
        "nixpkgs-unstable": "nixpkgs-unstable",
        "ox-gfm": "ox-gfm"
      },
      "locked": {
        "lastModified": 1698510246,
        "narHash": "sha256-y1UZntAC8QyMNJ/it19j3coIC+rHldEcWdeuFfwEPuA=",
        "owner": "shajra",
        "repo": "nix-project",
        "rev": "4ada6851e37f838845ff128de83b597faac17627",
        "type": "github"
      },
      "original": {
        "owner": "shajra",
        "repo": "nix-project",
        "type": "github"
      }
    },
    "nix-project_2": {
      "inputs": {
        "flake-compat": "flake-compat_4",
        "flake-parts": "flake-parts_4",
        "nixpkgs-master": "nixpkgs-master_2",
        "nixpkgs-stable-darwin": "nixpkgs-stable-darwin_2",
        "nixpkgs-stable-linux": "nixpkgs-stable-linux_2",
        "nixpkgs-unstable": "nixpkgs-unstable_3",
        "ox-gfm": "ox-gfm_2"
      },
      "locked": {
        "lastModified": 1698510246,
        "narHash": "sha256-y1UZntAC8QyMNJ/it19j3coIC+rHldEcWdeuFfwEPuA=",
        "owner": "shajra",
        "repo": "nix-project",
        "rev": "4ada6851e37f838845ff128de83b597faac17627",
        "type": "github"
      },
      "original": {
        "owner": "shajra",
        "repo": "nix-project",
        "type": "github"
      }
    },
    "nixpkgs": {
      "locked": {
        "lastModified": 1698318101,
        "narHash": "sha256-gUihHt3yPD7bVqg+k/UVHgngyaJ3DMEBchbymBMvK1E=",
        "owner": "NixOS",
        "repo": "nixpkgs",
        "rev": "63678e9f3d3afecfeafa0acead6239cdb447574c",
        "type": "github"
      },
      "original": {
        "owner": "NixOS",
        "ref": "nixos-unstable",
        "repo": "nixpkgs",
        "type": "github"
      }
    },
    "nixpkgs-2003": {
      "locked": {
        "lastModified": 1620055814,
        "narHash": "sha256-8LEHoYSJiL901bTMVatq+rf8y7QtWuZhwwpKE2fyaRY=",
        "owner": "NixOS",
        "repo": "nixpkgs",
        "rev": "1db42b7fe3878f3f5f7a4f2dc210772fd080e205",
        "type": "github"
      },
      "original": {
        "owner": "NixOS",
        "ref": "nixpkgs-20.03-darwin",
        "repo": "nixpkgs",
        "type": "github"
      }
    },
    "nixpkgs-2105": {
      "locked": {
        "lastModified": 1659914493,
        "narHash": "sha256-lkA5X3VNMKirvA+SUzvEhfA7XquWLci+CGi505YFAIs=",
        "owner": "NixOS",
        "repo": "nixpkgs",
        "rev": "022caabb5f2265ad4006c1fa5b1ebe69fb0c3faf",
        "type": "github"
      },
      "original": {
        "owner": "NixOS",
        "ref": "nixpkgs-21.05-darwin",
        "repo": "nixpkgs",
        "type": "github"
      }
    },
    "nixpkgs-2111": {
      "locked": {
        "lastModified": 1659446231,
        "narHash": "sha256-hekabNdTdgR/iLsgce5TGWmfIDZ86qjPhxDg/8TlzhE=",
        "owner": "NixOS",
        "repo": "nixpkgs",
        "rev": "eabc38219184cc3e04a974fe31857d8e0eac098d",
        "type": "github"
      },
      "original": {
        "owner": "NixOS",
        "ref": "nixpkgs-21.11-darwin",
        "repo": "nixpkgs",
        "type": "github"
      }
    },
    "nixpkgs-2205": {
      "locked": {
        "lastModified": 1685573264,
        "narHash": "sha256-Zffu01pONhs/pqH07cjlF10NnMDLok8ix5Uk4rhOnZQ=",
        "owner": "NixOS",
        "repo": "nixpkgs",
        "rev": "380be19fbd2d9079f677978361792cb25e8a3635",
        "type": "github"
      },
      "original": {
        "owner": "NixOS",
        "ref": "nixpkgs-22.05-darwin",
        "repo": "nixpkgs",
        "type": "github"
      }
    },
    "nixpkgs-2211": {
      "locked": {
        "lastModified": 1688392541,
        "narHash": "sha256-lHrKvEkCPTUO+7tPfjIcb7Trk6k31rz18vkyqmkeJfY=",
        "owner": "NixOS",
        "repo": "nixpkgs",
        "rev": "ea4c80b39be4c09702b0cb3b42eab59e2ba4f24b",
        "type": "github"
      },
      "original": {
        "owner": "NixOS",
        "ref": "nixpkgs-22.11-darwin",
        "repo": "nixpkgs",
        "type": "github"
      }
    },
    "nixpkgs-2305": {
      "locked": {
        "lastModified": 1695416179,
        "narHash": "sha256-610o1+pwbSu+QuF3GE0NU5xQdTHM3t9wyYhB9l94Cd8=",
        "owner": "NixOS",
        "repo": "nixpkgs",
        "rev": "715d72e967ec1dd5ecc71290ee072bcaf5181ed6",
        "type": "github"
      },
      "original": {
        "owner": "NixOS",
        "ref": "nixpkgs-23.05-darwin",
        "repo": "nixpkgs",
        "type": "github"
      }
    },
    "nixpkgs-lib": {
      "locked": {
        "dir": "lib",
        "lastModified": 1696019113,
        "narHash": "sha256-X3+DKYWJm93DRSdC5M6K5hLqzSya9BjibtBsuARoPco=",
        "owner": "NixOS",
        "repo": "nixpkgs",
        "rev": "f5892ddac112a1e9b3612c39af1b72987ee5783a",
        "type": "github"
      },
      "original": {
        "dir": "lib",
        "owner": "NixOS",
        "ref": "nixos-unstable",
        "repo": "nixpkgs",
        "type": "github"
      }
    },
    "nixpkgs-lib_2": {
      "locked": {
        "dir": "lib",
        "lastModified": 1696019113,
        "narHash": "sha256-X3+DKYWJm93DRSdC5M6K5hLqzSya9BjibtBsuARoPco=",
        "owner": "NixOS",
        "repo": "nixpkgs",
        "rev": "f5892ddac112a1e9b3612c39af1b72987ee5783a",
        "type": "github"
      },
      "original": {
        "dir": "lib",
        "owner": "NixOS",
        "ref": "nixos-unstable",
        "repo": "nixpkgs",
        "type": "github"
      }
    },
    "nixpkgs-lib_3": {
      "locked": {
        "dir": "lib",
        "lastModified": 1696019113,
        "narHash": "sha256-X3+DKYWJm93DRSdC5M6K5hLqzSya9BjibtBsuARoPco=",
        "owner": "NixOS",
        "repo": "nixpkgs",
        "rev": "f5892ddac112a1e9b3612c39af1b72987ee5783a",
        "type": "github"
      },
      "original": {
        "dir": "lib",
        "owner": "NixOS",
        "ref": "nixos-unstable",
        "repo": "nixpkgs",
        "type": "github"
      }
    },
    "nixpkgs-lib_4": {
      "locked": {
        "dir": "lib",
        "lastModified": 1696019113,
        "narHash": "sha256-X3+DKYWJm93DRSdC5M6K5hLqzSya9BjibtBsuARoPco=",
        "owner": "NixOS",
        "repo": "nixpkgs",
        "rev": "f5892ddac112a1e9b3612c39af1b72987ee5783a",
        "type": "github"
      },
      "original": {
        "dir": "lib",
        "owner": "NixOS",
        "ref": "nixos-unstable",
        "repo": "nixpkgs",
        "type": "github"
      }
    },
    "nixpkgs-master": {
      "locked": {
        "lastModified": 1698509872,
        "narHash": "sha256-SRmlYL7HXB0AaIFlgekSz6WOZDyjDM/gda5oQ/3VAEc=",
        "owner": "NixOS",
        "repo": "nixpkgs",
        "rev": "fb613dd5f8b3169b85d2b84838831d3dd649d893",
        "type": "github"
      },
      "original": {
        "owner": "NixOS",
        "ref": "master",
        "repo": "nixpkgs",
        "type": "github"
      }
    },
    "nixpkgs-master_2": {
      "locked": {
        "lastModified": 1698509872,
        "narHash": "sha256-SRmlYL7HXB0AaIFlgekSz6WOZDyjDM/gda5oQ/3VAEc=",
        "owner": "NixOS",
        "repo": "nixpkgs",
        "rev": "fb613dd5f8b3169b85d2b84838831d3dd649d893",
        "type": "github"
      },
      "original": {
        "owner": "NixOS",
        "ref": "master",
        "repo": "nixpkgs",
        "type": "github"
      }
    },
    "nixpkgs-regression": {
      "locked": {
        "lastModified": 1643052045,
        "narHash": "sha256-uGJ0VXIhWKGXxkeNnq4TvV3CIOkUJ3PAoLZ3HMzNVMw=",
        "owner": "NixOS",
        "repo": "nixpkgs",
        "rev": "215d4d0fd80ca5163643b03a33fde804a29cc1e2",
        "type": "github"
      },
      "original": {
        "owner": "NixOS",
        "repo": "nixpkgs",
        "rev": "215d4d0fd80ca5163643b03a33fde804a29cc1e2",
        "type": "github"
      }
    },
    "nixpkgs-stable": {
      "locked": {
        "lastModified": 1698288402,
        "narHash": "sha256-jIIjApPdm+4yt8PglX8pUOexAdEiAax/DXW3S/Mb21E=",
        "owner": "NixOS",
        "repo": "nixpkgs",
        "rev": "60b9db998f71ea49e1a9c41824d09aa274be1344",
        "type": "github"
      },
      "original": {
        "owner": "NixOS",
        "ref": "nixos-23.05",
        "repo": "nixpkgs",
        "type": "github"
      }
    },
    "nixpkgs-stable-darwin": {
      "locked": {
        "lastModified": 1698300480,
        "narHash": "sha256-s7EmRTsmoRs0z4kV1Z27DFhzXRC+iOFCI3gFkyvgn+8=",
        "owner": "NixOS",
        "repo": "nixpkgs",
        "rev": "dd5e0f5697d1fe7c86de787f457c86b9d2c4b866",
        "type": "github"
      },
      "original": {
        "owner": "NixOS",
        "ref": "nixpkgs-23.05-darwin",
        "repo": "nixpkgs",
        "type": "github"
      }
    },
    "nixpkgs-stable-darwin_2": {
      "locked": {
        "lastModified": 1698300480,
        "narHash": "sha256-s7EmRTsmoRs0z4kV1Z27DFhzXRC+iOFCI3gFkyvgn+8=",
        "owner": "NixOS",
        "repo": "nixpkgs",
        "rev": "dd5e0f5697d1fe7c86de787f457c86b9d2c4b866",
        "type": "github"
      },
      "original": {
        "owner": "NixOS",
        "ref": "nixpkgs-23.05-darwin",
        "repo": "nixpkgs",
        "type": "github"
      }
    },
    "nixpkgs-stable-linux": {
      "locked": {
        "lastModified": 1698288402,
        "narHash": "sha256-jIIjApPdm+4yt8PglX8pUOexAdEiAax/DXW3S/Mb21E=",
        "owner": "NixOS",
        "repo": "nixpkgs",
        "rev": "60b9db998f71ea49e1a9c41824d09aa274be1344",
        "type": "github"
      },
      "original": {
        "owner": "NixOS",
        "ref": "nixos-23.05",
        "repo": "nixpkgs",
        "type": "github"
      }
    },
    "nixpkgs-stable-linux_2": {
      "locked": {
        "lastModified": 1698288402,
        "narHash": "sha256-jIIjApPdm+4yt8PglX8pUOexAdEiAax/DXW3S/Mb21E=",
        "owner": "NixOS",
        "repo": "nixpkgs",
        "rev": "60b9db998f71ea49e1a9c41824d09aa274be1344",
        "type": "github"
      },
      "original": {
        "owner": "NixOS",
        "ref": "nixos-23.05",
        "repo": "nixpkgs",
        "type": "github"
      }
    },
    "nixpkgs-unstable": {
      "locked": {
        "lastModified": 1698336494,
        "narHash": "sha256-sO72WDBKyijYD1GcKPlGsycKbMBiTJMBCnmOxLAs880=",
        "owner": "NixOS",
        "repo": "nixpkgs",
        "rev": "808c0d8c53c7ae50f82aca8e7df263225cf235bf",
        "type": "github"
      },
      "original": {
        "owner": "NixOS",
        "ref": "nixpkgs-unstable",
        "repo": "nixpkgs",
        "type": "github"
      }
    },
    "nixpkgs-unstable_2": {
      "locked": {
        "lastModified": 1695318763,
        "narHash": "sha256-FHVPDRP2AfvsxAdc+AsgFJevMz5VBmnZglFUMlxBkcY=",
        "owner": "NixOS",
        "repo": "nixpkgs",
        "rev": "e12483116b3b51a185a33a272bf351e357ba9a99",
        "type": "github"
      },
      "original": {
        "owner": "NixOS",
        "ref": "nixpkgs-unstable",
        "repo": "nixpkgs",
        "type": "github"
      }
    },
    "nixpkgs-unstable_3": {
      "locked": {
        "lastModified": 1698336494,
        "narHash": "sha256-sO72WDBKyijYD1GcKPlGsycKbMBiTJMBCnmOxLAs880=",
        "owner": "NixOS",
        "repo": "nixpkgs",
        "rev": "808c0d8c53c7ae50f82aca8e7df263225cf235bf",
        "type": "github"
      },
      "original": {
        "owner": "NixOS",
        "ref": "nixpkgs-unstable",
        "repo": "nixpkgs",
        "type": "github"
      }
    },
    "nixpkgs_2": {
      "locked": {
        "lastModified": 1657693803,
        "narHash": "sha256-G++2CJ9u0E7NNTAi9n5G8TdDmGJXcIjkJ3NF8cetQB8=",
        "owner": "NixOS",
        "repo": "nixpkgs",
        "rev": "365e1b3a859281cf11b94f87231adeabbdd878a2",
        "type": "github"
      },
      "original": {
        "owner": "NixOS",
        "ref": "nixos-22.05-small",
        "repo": "nixpkgs",
        "type": "github"
      }
    },
    "nixpkgs_3": {
      "locked": {
        "lastModified": 1697456312,
        "narHash": "sha256-roiSnrqb5r+ehnKCauPLugoU8S36KgmWraHgRqVYndo=",
        "owner": "NixOS",
        "repo": "nixpkgs",
        "rev": "ca012a02bf8327be9e488546faecae5e05d7d749",
        "type": "github"
      },
      "original": {
        "owner": "NixOS",
        "ref": "nixos-unstable",
        "repo": "nixpkgs",
        "type": "github"
      }
    },
    "nixpkgs_4": {
      "locked": {
        "lastModified": 1687274257,
        "narHash": "sha256-TutzPriQcZ8FghDhEolnHcYU2oHIG5XWF+/SUBNnAOE=",
        "path": "/nix/store/22qgs3skscd9bmrxv9xv4q5d4wwm5ppx-source",
        "rev": "2c9ecd1f0400076a4d6b2193ad468ff0a7e7fdc5",
        "type": "path"
      },
      "original": {
        "id": "nixpkgs",
        "type": "indirect"
      }
    },
    "nixpkgs_5": {
      "locked": {
        "lastModified": 1698336494,
        "narHash": "sha256-sO72WDBKyijYD1GcKPlGsycKbMBiTJMBCnmOxLAs880=",
        "owner": "NixOS",
        "repo": "nixpkgs",
        "rev": "808c0d8c53c7ae50f82aca8e7df263225cf235bf",
        "type": "github"
      },
      "original": {
        "id": "nixpkgs",
        "type": "indirect"
      }
    },
    "nur": {
      "locked": {
        "lastModified": 1698513999,
        "narHash": "sha256-JFWbAmExdWkghvKLjbNdWq2oNyrg5qcxTcCHrN1MTeA=",
        "owner": "nix-community",
        "repo": "NUR",
        "rev": "984c4715454a4f5fdd753a1b667893c206729ab5",
        "type": "github"
      },
      "original": {
        "owner": "nix-community",
        "repo": "NUR",
        "type": "github"
      }
    },
    "old-ghc-nix": {
      "flake": false,
      "locked": {
        "lastModified": 1631092763,
        "narHash": "sha256-sIKgO+z7tj4lw3u6oBZxqIhDrzSkvpHtv0Kki+lh9Fg=",
        "owner": "angerman",
        "repo": "old-ghc-nix",
        "rev": "af48a7a7353e418119b6dfe3cd1463a657f342b8",
        "type": "github"
      },
      "original": {
        "owner": "angerman",
        "ref": "master",
        "repo": "old-ghc-nix",
        "type": "github"
      }
    },
    "ox-gfm": {
      "flake": false,
      "locked": {
        "lastModified": 1479132511,
        "narHash": "sha256-Grot+0iay2nw/08bpC0i2B59HstdNq1kEZodn3D/GFA=",
        "owner": "syl20bnr",
        "repo": "ox-gfm",
        "rev": "352ab00a5e06d042700bf7955f9ace48c503c1c8",
        "type": "github"
      },
      "original": {
        "owner": "syl20bnr",
        "repo": "ox-gfm",
        "type": "github"
      }
    },
    "ox-gfm_2": {
      "flake": false,
      "locked": {
        "lastModified": 1479132511,
        "narHash": "sha256-Grot+0iay2nw/08bpC0i2B59HstdNq1kEZodn3D/GFA=",
        "owner": "syl20bnr",
        "repo": "ox-gfm",
        "rev": "352ab00a5e06d042700bf7955f9ace48c503c1c8",
        "type": "github"
      },
      "original": {
        "owner": "syl20bnr",
        "repo": "ox-gfm",
        "type": "github"
      }
    },
    "pointless-xcompose": {
      "flake": false,
      "locked": {
        "lastModified": 1647272965,
        "narHash": "sha256-xxt4KsRjAV3d/RhtvLz+y8sR/edIqiPqSZjV4eFcWcQ=",
        "owner": "leoboiko",
        "repo": "pointless-xcompose",
        "rev": "f0bb629752f1e789bfe49b4fb7316f4081ef029f",
        "type": "github"
      },
      "original": {
        "owner": "leoboiko",
        "repo": "pointless-xcompose",
        "type": "github"
      }
    },
    "root": {
      "inputs": {
        "bluos-nix": "bluos-nix",
        "colored_man_pages-fish": "colored_man_pages-fish",
        "delta": "delta",
        "dircolors-solarized": "dircolors-solarized",
        "direnv-nix-lorelei": "direnv-nix-lorelei",
        "emacs-overlay": "emacs-overlay",
        "flake-compat": "flake-compat_2",
        "flake-parts": "flake-parts_3",
        "fzf-fish": "fzf-fish",
        "haskell-hls-nix": "haskell-hls-nix",
        "haskell-nix": "haskell-nix",
        "haskell-tags-nix": "haskell-tags-nix",
        "home-manager": "home-manager",
        "lieer": "lieer",
        "moneydance": "moneydance",
        "nix-darwin": "nix-darwin",
        "nix-project": "nix-project_2",
        "nur": "nur",
        "pointless-xcompose": "pointless-xcompose",
        "shajra-private": "shajra-private",
        "xcompose": "xcompose"
      }
    },
    "shajra-private": {
      "inputs": {
        "nixpkgs": "nixpkgs_5"
      },
      "locked": {
        "lastModified": 1688350837,
        "narHash": "sha256-/hJcCTsnKngH+6RFxfMsp2SqGEchBMdHBF2JxrblCzo=",
        "path": "/home/tnks/src/shajra/shajra-private",
        "type": "path"
      },
      "original": {
        "id": "shajra-private",
        "type": "indirect"
      }
    },
    "stackage": {
      "flake": false,
      "locked": {
        "lastModified": 1698451725,
        "narHash": "sha256-//Qm2tLM3U71/g+3oefdezZsPQxaeb/1YjHMYn1eIUY=",
        "owner": "input-output-hk",
        "repo": "stackage.nix",
        "rev": "8fd5ceaad832c6d33fd88a684411c3daec2bd921",
        "type": "github"
      },
      "original": {
        "owner": "input-output-hk",
        "repo": "stackage.nix",
        "type": "github"
      }
    },
    "systems": {
      "locked": {
        "lastModified": 1681028828,
        "narHash": "sha256-Vy1rq5AaRuLzOxct8nz4T6wlgyUR7zLU309k9mBC768=",
        "owner": "nix-systems",
        "repo": "default",
        "rev": "da67096a3b9bf56a91d16901293e51ba5b49a27e",
        "type": "github"
      },
      "original": {
        "owner": "nix-systems",
        "repo": "default",
        "type": "github"
      }
    },
    "xcompose": {
      "flake": false,
      "locked": {
        "lastModified": 1663210324,
        "narHash": "sha256-fkl2lDv/DdrqPjVsEUKSRD3BNGwTjTsA0ovI8akFI6U=",
        "owner": "kragen",
        "repo": "xcompose",
        "rev": "cd8d3e622f547ec9f83d7f64f51d4a27ee812681",
        "type": "github"
      },
      "original": {
        "owner": "kragen",
        "repo": "xcompose",
        "type": "github"
      }
    }
  },
  "root": "root",
  "version": 7
}
