{
  "nodes": {
    "HTTP": {
      "flake": false,
      "locked": {
        "lastModified": 1451647621,
        "narHash": "sha256-oHIyw3x0iKBexEo49YeUDV1k74ZtyYKGR2gNJXXRxts=",
        "owner": "phadej",
        "repo": "HTTP",
        "rev": "9bc0996d412fef1787449d841277ef663ad9a915",
        "type": "github"
      },
      "original": {
        "owner": "phadej",
        "repo": "HTTP",
        "type": "github"
      }
    },
    "bluos-controller-mac-zip": {
      "flake": false,
      "locked": {
        "lastModified": 1738084772,
        "narHash": "sha256-9rm5OB4B+AIYFiPSEScU89VN6vq4LQsCaEUoAhRbNb8=",
        "type": "tarball",
        "url": "https://content-bluesound-com.s3.amazonaws.com/uploads/2025/01/BluOS-Controller-4.8.0-MacOS.zip"
      },
      "original": {
        "type": "tarball",
        "url": "https://content-bluesound-com.s3.amazonaws.com/uploads/2025/01/BluOS-Controller-4.8.0-MacOS.zip"
      }
    },
    "bluos-controller-win-zip": {
      "flake": false,
      "locked": {
        "lastModified": 1737728880,
        "narHash": "sha256-JZOHisSP+IXhZoOm9OYDBwzgqFpngAY/AMWXs0coIyc=",
        "type": "tarball",
        "url": "https://content-bluesound-com.s3.amazonaws.com/uploads/BluOS-Controller-4.8.0-Windows.zip"
      },
      "original": {
        "type": "tarball",
        "url": "https://content-bluesound-com.s3.amazonaws.com/uploads/BluOS-Controller-4.8.0-Windows.zip"
      }
    },
    "bluos-nix": {
      "inputs": {
        "bluos-controller-mac-zip": "bluos-controller-mac-zip",
        "bluos-controller-win-zip": "bluos-controller-win-zip",
        "flake-parts": "flake-parts",
        "nix-project": "nix-project"
      },
      "locked": {
        "lastModified": 1744555664,
        "narHash": "sha256-i8QYEu399sSWE6eUY3VM6+eHw0+6bzpTZmSoLi5rEwY=",
        "owner": "shajra",
        "repo": "bluos-nix",
        "rev": "01223e4fe3f0ce4da96d483d59ef00fd01e8680e",
        "type": "github"
      },
      "original": {
        "owner": "shajra",
        "repo": "bluos-nix",
        "type": "github"
      }
    },
    "cabal-32": {
      "flake": false,
      "locked": {
        "lastModified": 1603716527,
        "narHash": "sha256-X0TFfdD4KZpwl0Zr6x+PLxUt/VyKQfX7ylXHdmZIL+w=",
        "owner": "haskell",
        "repo": "cabal",
        "rev": "48bf10787e27364730dd37a42b603cee8d6af7ee",
        "type": "github"
      },
      "original": {
        "owner": "haskell",
        "ref": "3.2",
        "repo": "cabal",
        "type": "github"
      }
    },
    "cabal-34": {
      "flake": false,
      "locked": {
        "lastModified": 1645834128,
        "narHash": "sha256-wG3d+dOt14z8+ydz4SL7pwGfe7SiimxcD/LOuPCV6xM=",
        "owner": "haskell",
        "repo": "cabal",
        "rev": "5ff598c67f53f7c4f48e31d722ba37172230c462",
        "type": "github"
      },
      "original": {
        "owner": "haskell",
        "ref": "3.4",
        "repo": "cabal",
        "type": "github"
      }
    },
    "cabal-36": {
      "flake": false,
      "locked": {
        "lastModified": 1669081697,
        "narHash": "sha256-I5or+V7LZvMxfbYgZATU4awzkicBwwok4mVoje+sGmU=",
        "owner": "haskell",
        "repo": "cabal",
        "rev": "8fd619e33d34924a94e691c5fea2c42f0fc7f144",
        "type": "github"
      },
      "original": {
        "owner": "haskell",
        "ref": "3.6",
        "repo": "cabal",
        "type": "github"
      }
    },
    "cardano-shell": {
      "flake": false,
      "locked": {
        "lastModified": 1608537748,
        "narHash": "sha256-PulY1GfiMgKVnBci3ex4ptk2UNYMXqGjJOxcPy2KYT4=",
        "owner": "input-output-hk",
        "repo": "cardano-shell",
        "rev": "9392c75087cb9a3d453998f4230930dea3a95725",
        "type": "github"
      },
      "original": {
        "owner": "input-output-hk",
        "repo": "cardano-shell",
        "type": "github"
      }
    },
    "delta": {
      "flake": false,
      "locked": {
        "lastModified": 1740146423,
        "narHash": "sha256-dC/GAETwURqHsbDXm01LFn460/7HcWPEtcTEqR/Gx5g=",
        "owner": "dandavison",
        "repo": "delta",
        "rev": "42da5adab68c46277e20757f7a1f3b68eb874b0e",
        "type": "github"
      },
      "original": {
        "owner": "dandavison",
        "repo": "delta",
        "type": "github"
      }
    },
    "dircolors-solarized": {
      "flake": false,
      "locked": {
        "lastModified": 1738591775,
        "narHash": "sha256-+2t9OsyD9QkamsFbgmgehBrfszBQmv1Y0C94T4g16GI=",
        "owner": "seebi",
        "repo": "dircolors-solarized",
        "rev": "52bfa164e4388ee232f6a9235f62e8482e1f1767",
        "type": "github"
      },
      "original": {
        "owner": "seebi",
        "repo": "dircolors-solarized",
        "type": "github"
      }
    },
    "direnv-nix-lorelei": {
      "flake": false,
      "locked": {
        "lastModified": 1632290273,
        "narHash": "sha256-KhLyeRqIQsa4axO6+RSMxIi8iibWefgnLcaWC+dL7Gc=",
        "owner": "shajra",
        "repo": "direnv-nix-lorelei",
        "rev": "7342d5b95e84e4d9b885d4afa82b061c7278297c",
        "type": "github"
      },
      "original": {
        "owner": "shajra",
        "repo": "direnv-nix-lorelei",
        "type": "github"
      }
    },
    "emacs-overlay": {
      "inputs": {
        "nixpkgs": "nixpkgs",
        "nixpkgs-stable": "nixpkgs-stable"
      },
      "locked": {
        "lastModified": 1744564581,
        "narHash": "sha256-3oYyf8uwhgjvHqa82QqYJJcdertKL/WGYM4cXREKE3o=",
        "owner": "nix-community",
        "repo": "emacs-overlay",
        "rev": "1997c83d637f2ab52651826d90099e1e1561bab7",
        "type": "github"
      },
      "original": {
        "owner": "nix-community",
        "repo": "emacs-overlay",
        "type": "github"
      }
    },
    "flake-compat": {
      "locked": {
        "lastModified": 1733328505,
        "narHash": "sha256-NeCCThCEP3eCl2l/+27kNNK7QrwZB1IJCrXfrbv5oqU=",
        "rev": "ff81ac966bb2cae68946d5ed5fc4994f96d0ffec",
        "revCount": 69,
        "type": "tarball",
        "url": "https://api.flakehub.com/f/pinned/edolstra/flake-compat/1.1.0/01948eb7-9cba-704f-bbf3-3fa956735b52/source.tar.gz"
      },
      "original": {
        "type": "tarball",
        "url": "https://flakehub.com/f/edolstra/flake-compat/%2A.tar.gz"
      }
    },
    "flake-compat_2": {
      "flake": false,
      "locked": {
        "lastModified": 1672831974,
        "narHash": "sha256-z9k3MfslLjWQfnjBtEtJZdq3H7kyi2kQtUThfTgdRk0=",
        "owner": "input-output-hk",
        "repo": "flake-compat",
        "rev": "45f2638735f8cdc40fe302742b79f248d23eb368",
        "type": "github"
      },
      "original": {
        "owner": "input-output-hk",
        "ref": "hkm/gitlab-fix",
        "repo": "flake-compat",
        "type": "github"
      }
    },
    "flake-compat_3": {
      "locked": {
        "lastModified": 1733328505,
        "narHash": "sha256-NeCCThCEP3eCl2l/+27kNNK7QrwZB1IJCrXfrbv5oqU=",
        "rev": "ff81ac966bb2cae68946d5ed5fc4994f96d0ffec",
        "revCount": 69,
        "type": "tarball",
        "url": "https://api.flakehub.com/f/pinned/edolstra/flake-compat/1.1.0/01948eb7-9cba-704f-bbf3-3fa956735b52/source.tar.gz"
      },
      "original": {
        "type": "tarball",
        "url": "https://flakehub.com/f/edolstra/flake-compat/%2A.tar.gz"
      }
    },
    "flake-parts": {
      "inputs": {
        "nixpkgs-lib": "nixpkgs-lib"
      },
      "locked": {
        "lastModified": 1743550720,
        "narHash": "sha256-hIshGgKZCgWh6AYJpJmRgFdR3WUbkY04o82X05xqQiY=",
        "owner": "hercules-ci",
        "repo": "flake-parts",
        "rev": "c621e8422220273271f52058f618c94e405bb0f5",
        "type": "github"
      },
      "original": {
        "owner": "hercules-ci",
        "repo": "flake-parts",
        "type": "github"
      }
    },
    "flake-parts_2": {
      "inputs": {
        "nixpkgs-lib": "nixpkgs-lib_2"
      },
      "locked": {
        "lastModified": 1743550720,
        "narHash": "sha256-hIshGgKZCgWh6AYJpJmRgFdR3WUbkY04o82X05xqQiY=",
        "owner": "hercules-ci",
        "repo": "flake-parts",
        "rev": "c621e8422220273271f52058f618c94e405bb0f5",
        "type": "github"
      },
      "original": {
        "owner": "hercules-ci",
        "repo": "flake-parts",
        "type": "github"
      }
    },
    "flake-parts_3": {
      "inputs": {
        "nixpkgs-lib": "nixpkgs-lib_3"
      },
      "locked": {
        "lastModified": 1743550720,
        "narHash": "sha256-hIshGgKZCgWh6AYJpJmRgFdR3WUbkY04o82X05xqQiY=",
        "owner": "hercules-ci",
        "repo": "flake-parts",
        "rev": "c621e8422220273271f52058f618c94e405bb0f5",
        "type": "github"
      },
      "original": {
        "owner": "hercules-ci",
        "repo": "flake-parts",
        "type": "github"
      }
    },
    "flake-parts_4": {
      "inputs": {
        "nixpkgs-lib": "nixpkgs-lib_4"
      },
      "locked": {
        "lastModified": 1743550720,
        "narHash": "sha256-hIshGgKZCgWh6AYJpJmRgFdR3WUbkY04o82X05xqQiY=",
        "owner": "hercules-ci",
        "repo": "flake-parts",
        "rev": "c621e8422220273271f52058f618c94e405bb0f5",
        "type": "github"
      },
      "original": {
        "owner": "hercules-ci",
        "repo": "flake-parts",
        "type": "github"
      }
    },
    "flake-parts_5": {
      "inputs": {
        "nixpkgs-lib": [
          "nur",
          "nixpkgs"
        ]
      },
      "locked": {
        "lastModified": 1733312601,
        "narHash": "sha256-4pDvzqnegAfRkPwO3wmwBhVi/Sye1mzps0zHWYnP88c=",
        "owner": "hercules-ci",
        "repo": "flake-parts",
        "rev": "205b12d8b7cd4802fbcb8e8ef6a0f1408781a4f9",
        "type": "github"
      },
      "original": {
        "owner": "hercules-ci",
        "repo": "flake-parts",
        "type": "github"
      }
    },
    "flake-utils": {
      "inputs": {
        "systems": "systems"
      },
      "locked": {
        "lastModified": 1731533236,
        "narHash": "sha256-l0KFg5HjrsfsO/JpG+r7fRrqm12kzFHyUHqHCVpMMbI=",
        "owner": "numtide",
        "repo": "flake-utils",
        "rev": "11707dc2f618dd54ca8739b309ec4fc024de578b",
        "type": "github"
      },
      "original": {
        "owner": "numtide",
        "repo": "flake-utils",
        "type": "github"
      }
    },
    "flake-utils_2": {
      "inputs": {
        "systems": "systems_2"
      },
      "locked": {
        "lastModified": 1681202837,
        "narHash": "sha256-H+Rh19JDwRtpVPAWp64F+rlEtxUWBAQW28eAi3SRSzg=",
        "owner": "numtide",
        "repo": "flake-utils",
        "rev": "cfacdce06f30d2b68473a46042957675eebb3401",
        "type": "github"
      },
      "original": {
        "owner": "numtide",
        "repo": "flake-utils",
        "type": "github"
      }
    },
    "fzf-fish": {
      "flake": false,
      "locked": {
        "lastModified": 1712464035,
        "narHash": "sha256-T8KYLA/r/gOKvAivKRoeqIwE2pINlxFQtZJHpOy9GMM=",
        "owner": "PatrickF1",
        "repo": "fzf.fish",
        "rev": "8920367cf85eee5218cc25a11e209d46e2591e7a",
        "type": "github"
      },
      "original": {
        "owner": "PatrickF1",
        "repo": "fzf.fish",
        "type": "github"
      }
    },
    "ghc-8.6.5-iohk": {
      "flake": false,
      "locked": {
        "lastModified": 1600920045,
        "narHash": "sha256-DO6kxJz248djebZLpSzTGD6s8WRpNI9BTwUeOf5RwY8=",
        "owner": "input-output-hk",
        "repo": "ghc",
        "rev": "95713a6ecce4551240da7c96b6176f980af75cae",
        "type": "github"
      },
      "original": {
        "owner": "input-output-hk",
        "ref": "release/8.6.5-iohk",
        "repo": "ghc",
        "type": "github"
      }
    },
    "hackage": {
      "flake": false,
      "locked": {
        "lastModified": 1744505409,
        "narHash": "sha256-QPlQ6ZdLx7t2mlvG/k6VWQcY+SdXosqaSHFFA/2JKD4=",
        "owner": "input-output-hk",
        "repo": "hackage.nix",
        "rev": "25cbf62a050ec7910a331020f668b43e5fff1a98",
        "type": "github"
      },
      "original": {
        "owner": "input-output-hk",
        "repo": "hackage.nix",
        "type": "github"
      }
    },
    "hackage-for-stackage": {
      "flake": false,
      "locked": {
        "lastModified": 1744505399,
        "narHash": "sha256-uIkwKyEm/H+oL6ca18Zq2IB12jUAXtvTfZHVmGmVCa8=",
        "owner": "input-output-hk",
        "repo": "hackage.nix",
        "rev": "971829a8b71049f73c6df502883c10f3ee7e0f2c",
        "type": "github"
      },
      "original": {
        "owner": "input-output-hk",
        "ref": "for-stackage",
        "repo": "hackage.nix",
        "type": "github"
      }
    },
    "haskell-hls-nix": {
      "flake": false,
      "locked": {
        "lastModified": 1632290313,
        "narHash": "sha256-U+XuwtM3xXI7WPthnR+j14Iw2+g9IGfxcGdFnVLYkeM=",
        "owner": "shajra",
        "repo": "haskell-hls-nix",
        "rev": "ea6bbc871f0882a03952993c13548b9fbbb82892",
        "type": "github"
      },
      "original": {
        "owner": "shajra",
        "repo": "haskell-hls-nix",
        "type": "github"
      }
    },
    "haskell-nix": {
      "inputs": {
        "HTTP": "HTTP",
        "cabal-32": "cabal-32",
        "cabal-34": "cabal-34",
        "cabal-36": "cabal-36",
        "cardano-shell": "cardano-shell",
        "flake-compat": "flake-compat_2",
        "ghc-8.6.5-iohk": "ghc-8.6.5-iohk",
        "hackage": "hackage",
        "hackage-for-stackage": "hackage-for-stackage",
        "hls": "hls",
        "hls-1.10": "hls-1.10",
        "hls-2.0": "hls-2.0",
        "hls-2.10": "hls-2.10",
        "hls-2.2": "hls-2.2",
        "hls-2.3": "hls-2.3",
        "hls-2.4": "hls-2.4",
        "hls-2.5": "hls-2.5",
        "hls-2.6": "hls-2.6",
        "hls-2.7": "hls-2.7",
        "hls-2.8": "hls-2.8",
        "hls-2.9": "hls-2.9",
        "hpc-coveralls": "hpc-coveralls",
        "iserv-proxy": "iserv-proxy",
        "nixpkgs": [
          "haskell-nix",
          "nixpkgs-unstable"
        ],
        "nixpkgs-2305": "nixpkgs-2305",
        "nixpkgs-2311": "nixpkgs-2311",
        "nixpkgs-2405": "nixpkgs-2405",
        "nixpkgs-2411": "nixpkgs-2411",
        "nixpkgs-unstable": "nixpkgs-unstable_2",
        "old-ghc-nix": "old-ghc-nix",
        "stackage": "stackage"
      },
      "locked": {
        "lastModified": 1744506704,
        "narHash": "sha256-5ARHzMezLmxCV2d8MgnbFB1+QImpkpoSgOYHL5L8OI8=",
        "owner": "input-output-hk",
        "repo": "haskell.nix",
        "rev": "a8961d94a52f0cd654ab1844419f6ac00171d112",
        "type": "github"
      },
      "original": {
        "owner": "input-output-hk",
        "repo": "haskell.nix",
        "type": "github"
      }
    },
    "haskell-tags-nix": {
      "flake": false,
      "locked": {
        "lastModified": 1632290361,
        "narHash": "sha256-CGKo3PRtS1fxIYEwUjHPHeRzLguctmiPh9aPBMhiAJo=",
        "owner": "shajra",
        "repo": "haskell-tags-nix",
        "rev": "7bdf004080979ade616f200fe66fd8e5fa0e4206",
        "type": "github"
      },
      "original": {
        "owner": "shajra",
        "repo": "haskell-tags-nix",
        "type": "github"
      }
    },
    "hls": {
      "flake": false,
      "locked": {
        "lastModified": 1741604408,
        "narHash": "sha256-tuq3+Ip70yu89GswZ7DSINBpwRprnWnl6xDYnS4GOsc=",
        "owner": "haskell",
        "repo": "haskell-language-server",
        "rev": "682d6894c94087da5e566771f25311c47e145359",
        "type": "github"
      },
      "original": {
        "owner": "haskell",
        "repo": "haskell-language-server",
        "type": "github"
      }
    },
    "hls-1.10": {
      "flake": false,
      "locked": {
        "lastModified": 1680000865,
        "narHash": "sha256-rc7iiUAcrHxwRM/s0ErEsSPxOR3u8t7DvFeWlMycWgo=",
        "owner": "haskell",
        "repo": "haskell-language-server",
        "rev": "b08691db779f7a35ff322b71e72a12f6e3376fd9",
        "type": "github"
      },
      "original": {
        "owner": "haskell",
        "ref": "1.10.0.0",
        "repo": "haskell-language-server",
        "type": "github"
      }
    },
    "hls-2.0": {
      "flake": false,
      "locked": {
        "lastModified": 1687698105,
        "narHash": "sha256-OHXlgRzs/kuJH8q7Sxh507H+0Rb8b7VOiPAjcY9sM1k=",
        "owner": "haskell",
        "repo": "haskell-language-server",
        "rev": "783905f211ac63edf982dd1889c671653327e441",
        "type": "github"
      },
      "original": {
        "owner": "haskell",
        "ref": "2.0.0.1",
        "repo": "haskell-language-server",
        "type": "github"
      }
    },
    "hls-2.10": {
      "flake": false,
      "locked": {
        "lastModified": 1743069404,
        "narHash": "sha256-q4kDFyJDDeoGqfEtrZRx4iqMVEC2MOzCToWsFY+TOzY=",
        "owner": "haskell",
        "repo": "haskell-language-server",
        "rev": "2318c61db3a01e03700bd4b05665662929b7fe8b",
        "type": "github"
      },
      "original": {
        "owner": "haskell",
        "ref": "2.10.0.0",
        "repo": "haskell-language-server",
        "type": "github"
      }
    },
    "hls-2.2": {
      "flake": false,
      "locked": {
        "lastModified": 1693064058,
        "narHash": "sha256-8DGIyz5GjuCFmohY6Fa79hHA/p1iIqubfJUTGQElbNk=",
        "owner": "haskell",
        "repo": "haskell-language-server",
        "rev": "b30f4b6cf5822f3112c35d14a0cba51f3fe23b85",
        "type": "github"
      },
      "original": {
        "owner": "haskell",
        "ref": "2.2.0.0",
        "repo": "haskell-language-server",
        "type": "github"
      }
    },
    "hls-2.3": {
      "flake": false,
      "locked": {
        "lastModified": 1695910642,
        "narHash": "sha256-tR58doOs3DncFehHwCLczJgntyG/zlsSd7DgDgMPOkI=",
        "owner": "haskell",
        "repo": "haskell-language-server",
        "rev": "458ccdb55c9ea22cd5d13ec3051aaefb295321be",
        "type": "github"
      },
      "original": {
        "owner": "haskell",
        "ref": "2.3.0.0",
        "repo": "haskell-language-server",
        "type": "github"
      }
    },
    "hls-2.4": {
      "flake": false,
      "locked": {
        "lastModified": 1699862708,
        "narHash": "sha256-YHXSkdz53zd0fYGIYOgLt6HrA0eaRJi9mXVqDgmvrjk=",
        "owner": "haskell",
        "repo": "haskell-language-server",
        "rev": "54507ef7e85fa8e9d0eb9a669832a3287ffccd57",
        "type": "github"
      },
      "original": {
        "owner": "haskell",
        "ref": "2.4.0.1",
        "repo": "haskell-language-server",
        "type": "github"
      }
    },
    "hls-2.5": {
      "flake": false,
      "locked": {
        "lastModified": 1701080174,
        "narHash": "sha256-fyiR9TaHGJIIR0UmcCb73Xv9TJq3ht2ioxQ2mT7kVdc=",
        "owner": "haskell",
        "repo": "haskell-language-server",
        "rev": "27f8c3d3892e38edaef5bea3870161815c4d014c",
        "type": "github"
      },
      "original": {
        "owner": "haskell",
        "ref": "2.5.0.0",
        "repo": "haskell-language-server",
        "type": "github"
      }
    },
    "hls-2.6": {
      "flake": false,
      "locked": {
        "lastModified": 1705325287,
        "narHash": "sha256-+P87oLdlPyMw8Mgoul7HMWdEvWP/fNlo8jyNtwME8E8=",
        "owner": "haskell",
        "repo": "haskell-language-server",
        "rev": "6e0b342fa0327e628610f2711f8c3e4eaaa08b1e",
        "type": "github"
      },
      "original": {
        "owner": "haskell",
        "ref": "2.6.0.0",
        "repo": "haskell-language-server",
        "type": "github"
      }
    },
    "hls-2.7": {
      "flake": false,
      "locked": {
        "lastModified": 1708965829,
        "narHash": "sha256-LfJ+TBcBFq/XKoiNI7pc4VoHg4WmuzsFxYJ3Fu+Jf+M=",
        "owner": "haskell",
        "repo": "haskell-language-server",
        "rev": "50322b0a4aefb27adc5ec42f5055aaa8f8e38001",
        "type": "github"
      },
      "original": {
        "owner": "haskell",
        "ref": "2.7.0.0",
        "repo": "haskell-language-server",
        "type": "github"
      }
    },
    "hls-2.8": {
      "flake": false,
      "locked": {
        "lastModified": 1715153580,
        "narHash": "sha256-Vi/iUt2pWyUJlo9VrYgTcbRviWE0cFO6rmGi9rmALw0=",
        "owner": "haskell",
        "repo": "haskell-language-server",
        "rev": "dd1be1beb16700de59e0d6801957290bcf956a0a",
        "type": "github"
      },
      "original": {
        "owner": "haskell",
        "ref": "2.8.0.0",
        "repo": "haskell-language-server",
        "type": "github"
      }
    },
    "hls-2.9": {
      "flake": false,
      "locked": {
        "lastModified": 1719993701,
        "narHash": "sha256-wy348++MiMm/xwtI9M3vVpqj2qfGgnDcZIGXw8sF1sA=",
        "owner": "haskell",
        "repo": "haskell-language-server",
        "rev": "90319a7e62ab93ab65a95f8f2bcf537e34dae76a",
        "type": "github"
      },
      "original": {
        "owner": "haskell",
        "ref": "2.9.0.1",
        "repo": "haskell-language-server",
        "type": "github"
      }
    },
    "home-manager": {
      "inputs": {
        "nixpkgs": "nixpkgs_2"
      },
      "locked": {
        "lastModified": 1744496249,
        "narHash": "sha256-J5yM/gqS8tUpQXcCAXHtD0Ft8q78mZ62JnN1bi5E6d0=",
        "owner": "shajra",
        "repo": "home-manager",
        "rev": "ae2cc67f7f61b38ab00b99feb186f141f8c2084b",
        "type": "github"
      },
      "original": {
        "owner": "shajra",
        "ref": "feature/lieer-address-override",
        "repo": "home-manager",
        "type": "github"
      }
    },
    "hpc-coveralls": {
      "flake": false,
      "locked": {
        "lastModified": 1607498076,
        "narHash": "sha256-8uqsEtivphgZWYeUo5RDUhp6bO9j2vaaProQxHBltQk=",
        "owner": "sevanspowell",
        "repo": "hpc-coveralls",
        "rev": "14df0f7d229f4cd2e79f8eabb1a740097fdfa430",
        "type": "github"
      },
      "original": {
        "owner": "sevanspowell",
        "repo": "hpc-coveralls",
        "type": "github"
      }
    },
    "iserv-proxy": {
      "flake": false,
      "locked": {
        "lastModified": 1742121966,
        "narHash": "sha256-x4bg4OoKAPnayom0nWc0BmlxgRMMHk6lEPvbiyFBq1s=",
        "owner": "stable-haskell",
        "repo": "iserv-proxy",
        "rev": "e9dc86ed6ad71f0368c16672081c8f26406c3a7e",
        "type": "github"
      },
      "original": {
        "owner": "stable-haskell",
        "ref": "iserv-syms",
        "repo": "iserv-proxy",
        "type": "github"
      }
    },
    "jankyborders": {
      "flake": false,
      "locked": {
        "lastModified": 1734444833,
        "narHash": "sha256-qH1ectK4avjQ7XaDXAUjsgVqCzr+JBCx46wz+Y1uIbY=",
        "owner": "FelixKratz",
        "repo": "JankyBorders",
        "rev": "522a2d3f9ef22263e79bc7fa696fed911b0faa3b",
        "type": "github"
      },
      "original": {
        "owner": "FelixKratz",
        "repo": "JankyBorders",
        "type": "github"
      }
    },
    "kaleidoscope": {
      "flake": false,
      "locked": {
        "lastModified": 1744416479,
        "narHash": "sha256-BuRzGQfiy4r2afDMV/PPA7wtM3QVjHzdaxQkO9yv4qA=",
        "owner": "keyboardio",
        "repo": "Kaleidoscope",
        "rev": "88e8d9e2a15b5a46cf8699dba36040ed271161bd",
        "type": "github"
      },
      "original": {
        "owner": "keyboardio",
        "repo": "Kaleidoscope",
        "type": "github"
      }
    },
    "kitty-scrollback-nvim": {
      "flake": false,
      "locked": {
        "lastModified": 1744416584,
        "narHash": "sha256-isIEzCHdreeQ3Xl5Nz5ilfnLF3APd9RGyJAmm2Ni0/0=",
        "owner": "mikesmithgh",
        "repo": "kitty-scrollback.nvim",
        "rev": "6c24f1979afe4c6b0310117b76d59d672224afd7",
        "type": "github"
      },
      "original": {
        "owner": "mikesmithgh",
        "repo": "kitty-scrollback.nvim",
        "type": "github"
      }
    },
    "lieer": {
      "flake": false,
      "locked": {
        "lastModified": 1741816592,
        "narHash": "sha256-TfabEEvGTa7bcys1FujlF7lVuQx00940F8JQpedsG6Y=",
        "owner": "gauteh",
        "repo": "lieer",
        "rev": "5c9ca43d3bc040bdb012dbfc1ca4cf15b1451dca",
        "type": "github"
      },
      "original": {
        "owner": "gauteh",
        "repo": "lieer",
        "type": "github"
      }
    },
    "luaposix": {
      "flake": false,
      "locked": {
        "lastModified": 1739737057,
        "narHash": "sha256-RKDH1sB7r7xDqueByWwps5fBfl5GBL9L86FjzfStBUw=",
        "owner": "luaposix",
        "repo": "luaposix",
        "rev": "e6b94b37c19c4bd19a7dc475a4f4cb56f61f5da9",
        "type": "github"
      },
      "original": {
        "owner": "luaposix",
        "ref": "v36.3",
        "repo": "luaposix",
        "type": "github"
      }
    },
    "moneydance": {
      "flake": false,
      "locked": {
        "lastModified": 1740044448,
        "narHash": "sha256-xOdkuaN17ss9tTSXgU//s6cBm2jGEgP9eTtvW0k3VWQ=",
        "type": "tarball",
        "url": "https://infinitekind.com/stabledl/current/moneydance-linux.tar.gz"
      },
      "original": {
        "type": "tarball",
        "url": "https://infinitekind.com/stabledl/current/moneydance-linux.tar.gz"
      }
    },
    "nix-darwin": {
      "inputs": {
        "nixpkgs": "nixpkgs_3"
      },
      "locked": {
        "lastModified": 1743127615,
        "narHash": "sha256-+sMGqywrSr50BGMLMeY789mSrzjkoxZiu61eWjYS/8o=",
        "owner": "LnL7",
        "repo": "nix-darwin",
        "rev": "fc843893cecc1838a59713ee3e50e9e7edc6207c",
        "type": "github"
      },
      "original": {
        "owner": "LnL7",
        "ref": "nix-darwin-24.11",
        "repo": "nix-darwin",
        "type": "github"
      }
    },
    "nix-project": {
      "inputs": {
        "flake-compat": "flake-compat",
        "flake-parts": "flake-parts_2",
        "nixpkgs-master": "nixpkgs-master",
        "nixpkgs-stable-darwin": "nixpkgs-stable-darwin",
        "nixpkgs-stable-linux": "nixpkgs-stable-linux",
        "nixpkgs-unstable": "nixpkgs-unstable",
        "ox-gfm": "ox-gfm"
      },
      "locked": {
        "lastModified": 1744555627,
        "narHash": "sha256-Dimzr2RNvvm5YDI3QPTiuC9wcA1RionhbdvUm5Y3W2I=",
        "owner": "shajra",
        "repo": "nix-project",
        "rev": "02596a983ddc0f721b1f1a42ae0feb234d6b6902",
        "type": "github"
      },
      "original": {
        "owner": "shajra",
        "repo": "nix-project",
        "type": "github"
      }
    },
    "nix-project_2": {
      "inputs": {
        "flake-compat": "flake-compat_3",
        "flake-parts": "flake-parts_4",
        "nixpkgs-master": "nixpkgs-master_2",
        "nixpkgs-stable-darwin": "nixpkgs-stable-darwin_2",
        "nixpkgs-stable-linux": "nixpkgs-stable-linux_2",
        "nixpkgs-unstable": "nixpkgs-unstable_3",
        "ox-gfm": "ox-gfm_2"
      },
      "locked": {
        "lastModified": 1744555627,
        "narHash": "sha256-Dimzr2RNvvm5YDI3QPTiuC9wcA1RionhbdvUm5Y3W2I=",
        "owner": "shajra",
        "repo": "nix-project",
        "rev": "02596a983ddc0f721b1f1a42ae0feb234d6b6902",
        "type": "github"
      },
      "original": {
        "owner": "shajra",
        "repo": "nix-project",
        "type": "github"
      }
    },
    "nixpkgs": {
      "locked": {
        "lastModified": 1744463964,
        "narHash": "sha256-LWqduOgLHCFxiTNYi3Uj5Lgz0SR+Xhw3kr/3Xd0GPTM=",
        "owner": "NixOS",
        "repo": "nixpkgs",
        "rev": "2631b0b7abcea6e640ce31cd78ea58910d31e650",
        "type": "github"
      },
      "original": {
        "owner": "NixOS",
        "ref": "nixos-unstable",
        "repo": "nixpkgs",
        "type": "github"
      }
    },
    "nixpkgs-2305": {
      "locked": {
        "lastModified": 1705033721,
        "narHash": "sha256-K5eJHmL1/kev6WuqyqqbS1cdNnSidIZ3jeqJ7GbrYnQ=",
        "owner": "NixOS",
        "repo": "nixpkgs",
        "rev": "a1982c92d8980a0114372973cbdfe0a307f1bdea",
        "type": "github"
      },
      "original": {
        "owner": "NixOS",
        "ref": "nixpkgs-23.05-darwin",
        "repo": "nixpkgs",
        "type": "github"
      }
    },
    "nixpkgs-2311": {
      "locked": {
        "lastModified": 1719957072,
        "narHash": "sha256-gvFhEf5nszouwLAkT9nWsDzocUTqLWHuL++dvNjMp9I=",
        "owner": "NixOS",
        "repo": "nixpkgs",
        "rev": "7144d6241f02d171d25fba3edeaf15e0f2592105",
        "type": "github"
      },
      "original": {
        "owner": "NixOS",
        "ref": "nixpkgs-23.11-darwin",
        "repo": "nixpkgs",
        "type": "github"
      }
    },
    "nixpkgs-2405": {
      "locked": {
        "lastModified": 1735564410,
        "narHash": "sha256-HB/FA0+1gpSs8+/boEavrGJH+Eq08/R2wWNph1sM1Dg=",
        "owner": "NixOS",
        "repo": "nixpkgs",
        "rev": "1e7a8f391f1a490460760065fa0630b5520f9cf8",
        "type": "github"
      },
      "original": {
        "owner": "NixOS",
        "ref": "nixpkgs-24.05-darwin",
        "repo": "nixpkgs",
        "type": "github"
      }
    },
    "nixpkgs-2411": {
      "locked": {
        "lastModified": 1739151041,
        "narHash": "sha256-uNszcul7y++oBiyYXjHEDw/AHeLNp8B6pyWOB+RLA/4=",
        "owner": "NixOS",
        "repo": "nixpkgs",
        "rev": "94792ab2a6beaec81424445bf917ca2556fbeade",
        "type": "github"
      },
      "original": {
        "owner": "NixOS",
        "ref": "nixpkgs-24.11-darwin",
        "repo": "nixpkgs",
        "type": "github"
      }
    },
    "nixpkgs-lib": {
      "locked": {
        "lastModified": 1743296961,
        "narHash": "sha256-b1EdN3cULCqtorQ4QeWgLMrd5ZGOjLSLemfa00heasc=",
        "owner": "nix-community",
        "repo": "nixpkgs.lib",
        "rev": "e4822aea2a6d1cdd36653c134cacfd64c97ff4fa",
        "type": "github"
      },
      "original": {
        "owner": "nix-community",
        "repo": "nixpkgs.lib",
        "type": "github"
      }
    },
    "nixpkgs-lib_2": {
      "locked": {
        "lastModified": 1743296961,
        "narHash": "sha256-b1EdN3cULCqtorQ4QeWgLMrd5ZGOjLSLemfa00heasc=",
        "owner": "nix-community",
        "repo": "nixpkgs.lib",
        "rev": "e4822aea2a6d1cdd36653c134cacfd64c97ff4fa",
        "type": "github"
      },
      "original": {
        "owner": "nix-community",
        "repo": "nixpkgs.lib",
        "type": "github"
      }
    },
    "nixpkgs-lib_3": {
      "locked": {
        "lastModified": 1743296961,
        "narHash": "sha256-b1EdN3cULCqtorQ4QeWgLMrd5ZGOjLSLemfa00heasc=",
        "owner": "nix-community",
        "repo": "nixpkgs.lib",
        "rev": "e4822aea2a6d1cdd36653c134cacfd64c97ff4fa",
        "type": "github"
      },
      "original": {
        "owner": "nix-community",
        "repo": "nixpkgs.lib",
        "type": "github"
      }
    },
    "nixpkgs-lib_4": {
      "locked": {
        "lastModified": 1743296961,
        "narHash": "sha256-b1EdN3cULCqtorQ4QeWgLMrd5ZGOjLSLemfa00heasc=",
        "owner": "nix-community",
        "repo": "nixpkgs.lib",
        "rev": "e4822aea2a6d1cdd36653c134cacfd64c97ff4fa",
        "type": "github"
      },
      "original": {
        "owner": "nix-community",
        "repo": "nixpkgs.lib",
        "type": "github"
      }
    },
    "nixpkgs-master": {
      "locked": {
        "lastModified": 1744555076,
        "narHash": "sha256-BHTJUdYRLGSzpkszpzCeKPsN6veOjKYFP0IU2XbDcXE=",
        "owner": "NixOS",
        "repo": "nixpkgs",
        "rev": "b66efe158edfc013d4036503ca4e0ac868968435",
        "type": "github"
      },
      "original": {
        "owner": "NixOS",
        "ref": "master",
        "repo": "nixpkgs",
        "type": "github"
      }
    },
    "nixpkgs-master_2": {
      "locked": {
        "lastModified": 1744555076,
        "narHash": "sha256-BHTJUdYRLGSzpkszpzCeKPsN6veOjKYFP0IU2XbDcXE=",
        "owner": "NixOS",
        "repo": "nixpkgs",
        "rev": "b66efe158edfc013d4036503ca4e0ac868968435",
        "type": "github"
      },
      "original": {
        "owner": "NixOS",
        "ref": "master",
        "repo": "nixpkgs",
        "type": "github"
      }
    },
    "nixpkgs-stable": {
      "locked": {
        "lastModified": 1744440957,
        "narHash": "sha256-FHlSkNqFmPxPJvy+6fNLaNeWnF1lZSgqVCl/eWaJRc4=",
        "owner": "NixOS",
        "repo": "nixpkgs",
        "rev": "26d499fc9f1d567283d5d56fcf367edd815dba1d",
        "type": "github"
      },
      "original": {
        "owner": "NixOS",
        "ref": "nixos-24.11",
        "repo": "nixpkgs",
        "type": "github"
      }
    },
    "nixpkgs-stable-darwin": {
      "locked": {
        "lastModified": 1744492897,
        "narHash": "sha256-qqKO4FOo/vPmNIaRPcLqwfudUlQ29iNdI1IbCZfjmxs=",
        "owner": "NixOS",
        "repo": "nixpkgs",
        "rev": "86484f6076aac9141df2bfcddbf7dcfce5e0c6bb",
        "type": "github"
      },
      "original": {
        "owner": "NixOS",
        "ref": "nixpkgs-24.11-darwin",
        "repo": "nixpkgs",
        "type": "github"
      }
    },
    "nixpkgs-stable-darwin_2": {
      "locked": {
        "lastModified": 1744492897,
        "narHash": "sha256-qqKO4FOo/vPmNIaRPcLqwfudUlQ29iNdI1IbCZfjmxs=",
        "owner": "NixOS",
        "repo": "nixpkgs",
        "rev": "86484f6076aac9141df2bfcddbf7dcfce5e0c6bb",
        "type": "github"
      },
      "original": {
        "owner": "NixOS",
        "ref": "nixpkgs-24.11-darwin",
        "repo": "nixpkgs",
        "type": "github"
      }
    },
    "nixpkgs-stable-linux": {
      "locked": {
        "lastModified": 1744440957,
        "narHash": "sha256-FHlSkNqFmPxPJvy+6fNLaNeWnF1lZSgqVCl/eWaJRc4=",
        "owner": "NixOS",
        "repo": "nixpkgs",
        "rev": "26d499fc9f1d567283d5d56fcf367edd815dba1d",
        "type": "github"
      },
      "original": {
        "owner": "NixOS",
        "ref": "nixos-24.11",
        "repo": "nixpkgs",
        "type": "github"
      }
    },
    "nixpkgs-stable-linux_2": {
      "locked": {
        "lastModified": 1744440957,
        "narHash": "sha256-FHlSkNqFmPxPJvy+6fNLaNeWnF1lZSgqVCl/eWaJRc4=",
        "owner": "NixOS",
        "repo": "nixpkgs",
        "rev": "26d499fc9f1d567283d5d56fcf367edd815dba1d",
        "type": "github"
      },
      "original": {
        "owner": "NixOS",
        "ref": "nixos-24.11",
        "repo": "nixpkgs",
        "type": "github"
      }
    },
    "nixpkgs-unstable": {
      "locked": {
        "lastModified": 1744536153,
        "narHash": "sha256-awS2zRgF4uTwrOKwwiJcByDzDOdo3Q1rPZbiHQg/N38=",
        "owner": "NixOS",
        "repo": "nixpkgs",
        "rev": "18dd725c29603f582cf1900e0d25f9f1063dbf11",
        "type": "github"
      },
      "original": {
        "owner": "NixOS",
        "ref": "nixpkgs-unstable",
        "repo": "nixpkgs",
        "type": "github"
      }
    },
    "nixpkgs-unstable_2": {
      "locked": {
        "lastModified": 1737110817,
        "narHash": "sha256-DSenga8XjPaUV5KUFW/i3rNkN7jm9XmguW+qQ1ZJTR4=",
        "owner": "NixOS",
        "repo": "nixpkgs",
        "rev": "041c867bad68dfe34b78b2813028a2e2ea70a23c",
        "type": "github"
      },
      "original": {
        "owner": "NixOS",
        "ref": "nixpkgs-unstable",
        "repo": "nixpkgs",
        "type": "github"
      }
    },
    "nixpkgs-unstable_3": {
      "locked": {
        "lastModified": 1744536153,
        "narHash": "sha256-awS2zRgF4uTwrOKwwiJcByDzDOdo3Q1rPZbiHQg/N38=",
        "owner": "NixOS",
        "repo": "nixpkgs",
        "rev": "18dd725c29603f582cf1900e0d25f9f1063dbf11",
        "type": "github"
      },
      "original": {
        "owner": "NixOS",
        "ref": "nixpkgs-unstable",
        "repo": "nixpkgs",
        "type": "github"
      }
    },
    "nixpkgs_2": {
      "locked": {
        "lastModified": 1744098102,
        "narHash": "sha256-tzCdyIJj9AjysC3OuKA+tMD/kDEDAF9mICPDU7ix0JA=",
        "owner": "NixOS",
        "repo": "nixpkgs",
        "rev": "c8cd81426f45942bb2906d5ed2fe21d2f19d95b7",
        "type": "github"
      },
      "original": {
        "owner": "NixOS",
        "ref": "nixos-unstable",
        "repo": "nixpkgs",
        "type": "github"
      }
    },
    "nixpkgs_3": {
      "locked": {
        "lastModified": 1735954111,
        "narHash": "sha256-yPzRuUXx99iu9QMF9GKxxqqC7kpKdFlQi7PA9N85wxQ=",
        "owner": "NixOS",
        "repo": "nixpkgs",
        "rev": "a4c40a8a970c147cea7e98e86b2ff2ffb184aedd",
        "type": "github"
      },
      "original": {
        "owner": "NixOS",
        "ref": "nixpkgs-24.11-darwin",
        "repo": "nixpkgs",
        "type": "github"
      }
    },
    "nixpkgs_4": {
      "locked": {
        "lastModified": 1744463964,
        "narHash": "sha256-LWqduOgLHCFxiTNYi3Uj5Lgz0SR+Xhw3kr/3Xd0GPTM=",
        "owner": "nixos",
        "repo": "nixpkgs",
        "rev": "2631b0b7abcea6e640ce31cd78ea58910d31e650",
        "type": "github"
      },
      "original": {
        "owner": "nixos",
        "ref": "nixos-unstable",
        "repo": "nixpkgs",
        "type": "github"
      }
    },
    "nixpkgs_5": {
      "locked": {
        "lastModified": 1740547748,
        "narHash": "sha256-Ly2fBL1LscV+KyCqPRufUBuiw+zmWrlJzpWOWbahplg=",
        "owner": "NixOS",
        "repo": "nixpkgs",
        "rev": "3a05eebede89661660945da1f151959900903b6a",
        "type": "github"
      },
      "original": {
        "owner": "NixOS",
        "repo": "nixpkgs",
        "rev": "3a05eebede89661660945da1f151959900903b6a",
        "type": "github"
      }
    },
    "nixpkgs_6": {
      "locked": {
        "lastModified": 1682134069,
        "narHash": "sha256-TnI/ZXSmRxQDt2sjRYK/8j8iha4B4zP2cnQCZZ3vp7k=",
        "owner": "NixOS",
        "repo": "nixpkgs",
        "rev": "fd901ef4bf93499374c5af385b2943f5801c0833",
        "type": "github"
      },
      "original": {
        "id": "nixpkgs",
        "type": "indirect"
      }
    },
    "nur": {
      "inputs": {
        "flake-parts": "flake-parts_5",
        "nixpkgs": "nixpkgs_4",
        "treefmt-nix": "treefmt-nix"
      },
      "locked": {
        "lastModified": 1744576270,
        "narHash": "sha256-fBFNQSROcV96mz7A0nSSx/6//N22fifb1T32uqw+2Ds=",
        "owner": "nix-community",
        "repo": "NUR",
        "rev": "fb4de678f84b00896f3a3f116fadb9e937fb8ba8",
        "type": "github"
      },
      "original": {
        "owner": "nix-community",
        "repo": "NUR",
        "type": "github"
      }
    },
    "old-ghc-nix": {
      "flake": false,
      "locked": {
        "lastModified": 1631092763,
        "narHash": "sha256-sIKgO+z7tj4lw3u6oBZxqIhDrzSkvpHtv0Kki+lh9Fg=",
        "owner": "angerman",
        "repo": "old-ghc-nix",
        "rev": "af48a7a7353e418119b6dfe3cd1463a657f342b8",
        "type": "github"
      },
      "original": {
        "owner": "angerman",
        "ref": "master",
        "repo": "old-ghc-nix",
        "type": "github"
      }
    },
    "ox-gfm": {
      "flake": false,
      "locked": {
        "lastModified": 1479132511,
        "narHash": "sha256-Grot+0iay2nw/08bpC0i2B59HstdNq1kEZodn3D/GFA=",
        "owner": "syl20bnr",
        "repo": "ox-gfm",
        "rev": "352ab00a5e06d042700bf7955f9ace48c503c1c8",
        "type": "github"
      },
      "original": {
        "owner": "syl20bnr",
        "repo": "ox-gfm",
        "type": "github"
      }
    },
    "ox-gfm_2": {
      "flake": false,
      "locked": {
        "lastModified": 1479132511,
        "narHash": "sha256-Grot+0iay2nw/08bpC0i2B59HstdNq1kEZodn3D/GFA=",
        "owner": "syl20bnr",
        "repo": "ox-gfm",
        "rev": "352ab00a5e06d042700bf7955f9ace48c503c1c8",
        "type": "github"
      },
      "original": {
        "owner": "syl20bnr",
        "repo": "ox-gfm",
        "type": "github"
      }
    },
    "pointless-xcompose": {
      "flake": false,
      "locked": {
        "lastModified": 1647272965,
        "narHash": "sha256-xxt4KsRjAV3d/RhtvLz+y8sR/edIqiPqSZjV4eFcWcQ=",
        "owner": "leoboiko",
        "repo": "pointless-xcompose",
        "rev": "f0bb629752f1e789bfe49b4fb7316f4081ef029f",
        "type": "github"
      },
      "original": {
        "owner": "leoboiko",
        "repo": "pointless-xcompose",
        "type": "github"
      }
    },
    "root": {
      "inputs": {
        "bluos-nix": "bluos-nix",
        "delta": "delta",
        "dircolors-solarized": "dircolors-solarized",
        "direnv-nix-lorelei": "direnv-nix-lorelei",
        "emacs-overlay": "emacs-overlay",
        "flake-parts": "flake-parts_3",
        "fzf-fish": "fzf-fish",
        "haskell-hls-nix": "haskell-hls-nix",
        "haskell-nix": "haskell-nix",
        "haskell-tags-nix": "haskell-tags-nix",
        "home-manager": "home-manager",
        "jankyborders": "jankyborders",
        "kaleidoscope": "kaleidoscope",
        "kitty-scrollback-nvim": "kitty-scrollback-nvim",
        "lieer": "lieer",
        "luaposix": "luaposix",
        "moneydance": "moneydance",
        "nix-darwin": "nix-darwin",
        "nix-project": "nix-project_2",
        "nur": "nur",
        "pointless-xcompose": "pointless-xcompose",
        "sf-symbols": "sf-symbols",
        "shajra-private": "shajra-private",
        "sketchybar": "sketchybar",
        "sketchybar-font-dist": "sketchybar-font-dist",
        "sketchybar-font-src": "sketchybar-font-src",
        "sketchybar-lua": "sketchybar-lua",
        "vscode-overlay": "vscode-overlay",
        "vscode-server": "vscode-server",
        "xcompose": "xcompose"
      }
    },
    "sf-symbols": {
      "flake": false,
      "locked": {
        "narHash": "sha256-FkX4zRFb3aJnfyz2rK/pWS+IWVtcDbRW+V9ZgDPW4rw=",
        "type": "file",
        "url": "https://devimages-cdn.apple.com/design/resources/download/SF-Symbols-6.dmg"
      },
      "original": {
        "type": "file",
        "url": "https://devimages-cdn.apple.com/design/resources/download/SF-Symbols-6.dmg"
      }
    },
    "shajra-private": {
      "locked": {
        "lastModified": 1732025390,
        "narHash": "sha256-NAhNaPnTI0iM7EXIKdsDGOKBereTcp2hHxqIGxmVlyY=",
        "ref": "main",
        "rev": "a4f4e20be26e9966dffafe4a70a67a82c0b9a52e",
        "revCount": 3,
        "type": "git",
        "url": "ssh://tnks@cake/home/tnks/src/shajra/shajra-private"
      },
      "original": {
        "id": "shajra-private",
        "type": "indirect"
      }
    },
    "sketchybar": {
      "flake": false,
      "locked": {
        "lastModified": 1740483267,
        "narHash": "sha256-oJ5fzyub5CYp3Is06uPflH63+3KS8R1FjVmQVG3VFIw=",
        "owner": "FelixKratz",
        "repo": "SketchyBar",
        "rev": "a8691a3fca676557bc6d8c69167e61df7462bbfe",
        "type": "github"
      },
      "original": {
        "owner": "FelixKratz",
        "repo": "SketchyBar",
        "type": "github"
      }
    },
    "sketchybar-font-dist": {
      "flake": false,
      "locked": {
        "narHash": "sha256-ts0Hm1ncQWVziqZdKesUG2+rrs9Mq2kb/8v4OcJqjGw=",
        "type": "file",
        "url": "https://github.com/kvndrsslr/sketchybar-app-font/releases/download/v2.0.32/sketchybar-app-font.ttf"
      },
      "original": {
        "type": "file",
        "url": "https://github.com/kvndrsslr/sketchybar-app-font/releases/download/v2.0.32/sketchybar-app-font.ttf"
      }
    },
    "sketchybar-font-src": {
      "flake": false,
      "locked": {
        "lastModified": 1742372398,
        "narHash": "sha256-V0VXYJUfi6n9U5RyHfEPi3bNQDyiu+LyKjYXHgYiFgo=",
        "owner": "kvndrsslr",
        "repo": "sketchybar-app-font",
        "rev": "e54a3a70da29f0ad1a5f711728ed5100210a3f4c",
        "type": "github"
      },
      "original": {
        "owner": "kvndrsslr",
        "repo": "sketchybar-app-font",
        "type": "github"
      }
    },
    "sketchybar-lua": {
      "flake": false,
      "locked": {
        "lastModified": 1723484726,
        "narHash": "sha256-F0UfNxHM389GhiPQ6/GFbeKQq5EvpiqQdvyf7ygzkPg=",
        "owner": "FelixKratz",
        "repo": "SbarLua",
        "rev": "437bd2031da38ccda75827cb7548e7baa4aa9978",
        "type": "github"
      },
      "original": {
        "owner": "FelixKratz",
        "repo": "SbarLua",
        "type": "github"
      }
    },
    "stackage": {
      "flake": false,
      "locked": {
        "lastModified": 1744504635,
        "narHash": "sha256-haZZAocxDfdykmN1qDDB+P6DF68P4VMwU/S4/NpmoRU=",
        "owner": "input-output-hk",
        "repo": "stackage.nix",
        "rev": "a592fbe819c0ebd6b60b94a123c3f277fb81f411",
        "type": "github"
      },
      "original": {
        "owner": "input-output-hk",
        "repo": "stackage.nix",
        "type": "github"
      }
    },
    "systems": {
      "locked": {
        "lastModified": 1681028828,
        "narHash": "sha256-Vy1rq5AaRuLzOxct8nz4T6wlgyUR7zLU309k9mBC768=",
        "owner": "nix-systems",
        "repo": "default",
        "rev": "da67096a3b9bf56a91d16901293e51ba5b49a27e",
        "type": "github"
      },
      "original": {
        "owner": "nix-systems",
        "repo": "default",
        "type": "github"
      }
    },
    "systems_2": {
      "locked": {
        "lastModified": 1681028828,
        "narHash": "sha256-Vy1rq5AaRuLzOxct8nz4T6wlgyUR7zLU309k9mBC768=",
        "owner": "nix-systems",
        "repo": "default",
        "rev": "da67096a3b9bf56a91d16901293e51ba5b49a27e",
        "type": "github"
      },
      "original": {
        "owner": "nix-systems",
        "repo": "default",
        "type": "github"
      }
    },
    "treefmt-nix": {
      "inputs": {
        "nixpkgs": [
          "nur",
          "nixpkgs"
        ]
      },
      "locked": {
        "lastModified": 1733222881,
        "narHash": "sha256-JIPcz1PrpXUCbaccEnrcUS8jjEb/1vJbZz5KkobyFdM=",
        "owner": "numtide",
        "repo": "treefmt-nix",
        "rev": "49717b5af6f80172275d47a418c9719a31a78b53",
        "type": "github"
      },
      "original": {
        "owner": "numtide",
        "repo": "treefmt-nix",
        "type": "github"
      }
    },
    "vscode-overlay": {
      "inputs": {
        "flake-utils": "flake-utils",
        "nixpkgs": "nixpkgs_5"
      },
      "locked": {
        "lastModified": 1744514450,
        "narHash": "sha256-aIBU8F+dDpdHx5oQEdCu48/IlXYgvpv0ZG+MlkqaDh0=",
        "owner": "nix-community",
        "repo": "nix-vscode-extensions",
        "rev": "130a15b9c4231ec0dc59e13453ac96c8ab4cdc5d",
        "type": "github"
      },
      "original": {
        "owner": "nix-community",
        "repo": "nix-vscode-extensions",
        "type": "github"
      }
    },
    "vscode-server": {
      "inputs": {
        "flake-utils": "flake-utils_2",
        "nixpkgs": "nixpkgs_6"
      },
      "locked": {
        "lastModified": 1729422940,
        "narHash": "sha256-DlvJv33ml5UTKgu4b0HauOfFIoDx6QXtbqUF3vWeRCY=",
        "owner": "nix-community",
        "repo": "nixos-vscode-server",
        "rev": "8b6db451de46ecf9b4ab3d01ef76e59957ff549f",
        "type": "github"
      },
      "original": {
        "owner": "nix-community",
        "repo": "nixos-vscode-server",
        "type": "github"
      }
    },
    "xcompose": {
      "flake": false,
      "locked": {
        "lastModified": 1741735278,
        "narHash": "sha256-6EjQErdBOd5hqcrdaf88E1UZVYIc3FOfv34hvUwOWdA=",
        "owner": "kragen",
        "repo": "xcompose",
        "rev": "8b5a6a0c788fd0a4b921d9d3737174defb863873",
        "type": "github"
      },
      "original": {
        "owner": "kragen",
        "repo": "xcompose",
        "type": "github"
      }
    }
  },
  "root": "root",
  "version": 7
}
